// !$*UTF8*$!
{
	archiveVersion = 1;
	classes = {
	};
	objectVersion = 56;
	objects = {

/* Begin PBXBuildFile section */
		9C7F965B29F8F03C00F5035C /* UltimateMoneyVisualizerApp.swift in Sources */ = {isa = PBXBuildFile; fileRef = 9C7F965A29F8F03C00F5035C /* UltimateMoneyVisualizerApp.swift */; };
		9C7F965D29F8F03C00F5035C /* ContentView.swift in Sources */ = {isa = PBXBuildFile; fileRef = 9C7F965C29F8F03C00F5035C /* ContentView.swift */; };
		9C7F965F29F8F03E00F5035C /* Assets.xcassets in Resources */ = {isa = PBXBuildFile; fileRef = 9C7F965E29F8F03E00F5035C /* Assets.xcassets */; };
		9C7F966229F8F03E00F5035C /* Preview Assets.xcassets in Resources */ = {isa = PBXBuildFile; fileRef = 9C7F966129F8F03E00F5035C /* Preview Assets.xcassets */; };
		9C7F966429F8F03E00F5035C /* Persistence.swift in Sources */ = {isa = PBXBuildFile; fileRef = 9C7F966329F8F03E00F5035C /* Persistence.swift */; };
		9C7F966729F8F03E00F5035C /* UltimateMoneyVisualizer.xcdatamodeld in Sources */ = {isa = PBXBuildFile; fileRef = 9C7F966529F8F03E00F5035C /* UltimateMoneyVisualizer.xcdatamodeld */; };
		9C7F967229F8F03E00F5035C /* UltimateMoneyVisualizerTests.swift in Sources */ = {isa = PBXBuildFile; fileRef = 9C7F967129F8F03E00F5035C /* UltimateMoneyVisualizerTests.swift */; };
		9C7F967C29F8F03E00F5035C /* UltimateMoneyVisualizerUITests.swift in Sources */ = {isa = PBXBuildFile; fileRef = 9C7F967B29F8F03E00F5035C /* UltimateMoneyVisualizerUITests.swift */; };
		9C7F967E29F8F03E00F5035C /* UltimateMoneyVisualizerUITestsLaunchTests.swift in Sources */ = {isa = PBXBuildFile; fileRef = 9C7F967D29F8F03E00F5035C /* UltimateMoneyVisualizerUITestsLaunchTests.swift */; };
		9C7F968D29F8FD2D00F5035C /* ExtendExpense.swift in Sources */ = {isa = PBXBuildFile; fileRef = 9C7F968C29F8FD2D00F5035C /* ExtendExpense.swift */; };
		9C7F969929F8FE3500F5035C /* ExtendShift.swift in Sources */ = {isa = PBXBuildFile; fileRef = 9C7F969229F8FE3500F5035C /* ExtendShift.swift */; };
		9C7F969A29F8FE3500F5035C /* ExtendWage.swift in Sources */ = {isa = PBXBuildFile; fileRef = 9C7F969329F8FE3500F5035C /* ExtendWage.swift */; };
		9C7F969B29F8FE3500F5035C /* ExtendGoal.swift in Sources */ = {isa = PBXBuildFile; fileRef = 9C7F969429F8FE3500F5035C /* ExtendGoal.swift */; };
		9C7F969C29F8FE3500F5035C /* ExtendSettings.swift in Sources */ = {isa = PBXBuildFile; fileRef = 9C7F969529F8FE3500F5035C /* ExtendSettings.swift */; };
		9C7F969D29F8FE3500F5035C /* ExtendUser.swift in Sources */ = {isa = PBXBuildFile; fileRef = 9C7F969629F8FE3500F5035C /* ExtendUser.swift */; };
		9C7F969E29F8FE3500F5035C /* ExtendAllocation.swift in Sources */ = {isa = PBXBuildFile; fileRef = 9C7F969729F8FE3500F5035C /* ExtendAllocation.swift */; };
		9C7F969F29F8FE3500F5035C /* ExtendSaved.swift in Sources */ = {isa = PBXBuildFile; fileRef = 9C7F969829F8FE3500F5035C /* ExtendSaved.swift */; };
		9C7F96A229F8FE6700F5035C /* Vin in Frameworks */ = {isa = PBXBuildFile; productRef = 9C7F96A129F8FE6700F5035C /* Vin */; };
/* End PBXBuildFile section */

/* Begin PBXContainerItemProxy section */
		9C7F966E29F8F03E00F5035C /* PBXContainerItemProxy */ = {
			isa = PBXContainerItemProxy;
			containerPortal = 9C7F964F29F8F03C00F5035C /* Project object */;
			proxyType = 1;
			remoteGlobalIDString = 9C7F965629F8F03C00F5035C;
			remoteInfo = UltimateMoneyVisualizer;
		};
		9C7F967829F8F03E00F5035C /* PBXContainerItemProxy */ = {
			isa = PBXContainerItemProxy;
			containerPortal = 9C7F964F29F8F03C00F5035C /* Project object */;
			proxyType = 1;
			remoteGlobalIDString = 9C7F965629F8F03C00F5035C;
			remoteInfo = UltimateMoneyVisualizer;
		};
/* End PBXContainerItemProxy section */

/* Begin PBXFileReference section */
		9C7F965729F8F03C00F5035C /* UltimateMoneyVisualizer.app */ = {isa = PBXFileReference; explicitFileType = wrapper.application; includeInIndex = 0; path = UltimateMoneyVisualizer.app; sourceTree = BUILT_PRODUCTS_DIR; };
		9C7F965A29F8F03C00F5035C /* UltimateMoneyVisualizerApp.swift */ = {isa = PBXFileReference; lastKnownFileType = sourcecode.swift; path = UltimateMoneyVisualizerApp.swift; sourceTree = "<group>"; };
		9C7F965C29F8F03C00F5035C /* ContentView.swift */ = {isa = PBXFileReference; lastKnownFileType = sourcecode.swift; path = ContentView.swift; sourceTree = "<group>"; };
		9C7F965E29F8F03E00F5035C /* Assets.xcassets */ = {isa = PBXFileReference; lastKnownFileType = folder.assetcatalog; path = Assets.xcassets; sourceTree = "<group>"; };
		9C7F966129F8F03E00F5035C /* Preview Assets.xcassets */ = {isa = PBXFileReference; lastKnownFileType = folder.assetcatalog; path = "Preview Assets.xcassets"; sourceTree = "<group>"; };
		9C7F966329F8F03E00F5035C /* Persistence.swift */ = {isa = PBXFileReference; lastKnownFileType = sourcecode.swift; path = Persistence.swift; sourceTree = "<group>"; };
		9C7F966629F8F03E00F5035C /* UltimateMoneyVisualizer.xcdatamodel */ = {isa = PBXFileReference; lastKnownFileType = wrapper.xcdatamodel; path = UltimateMoneyVisualizer.xcdatamodel; sourceTree = "<group>"; };
		9C7F966829F8F03E00F5035C /* Info.plist */ = {isa = PBXFileReference; lastKnownFileType = text.plist.xml; path = Info.plist; sourceTree = "<group>"; };
		9C7F966D29F8F03E00F5035C /* UltimateMoneyVisualizerTests.xctest */ = {isa = PBXFileReference; explicitFileType = wrapper.cfbundle; includeInIndex = 0; path = UltimateMoneyVisualizerTests.xctest; sourceTree = BUILT_PRODUCTS_DIR; };
		9C7F967129F8F03E00F5035C /* UltimateMoneyVisualizerTests.swift */ = {isa = PBXFileReference; lastKnownFileType = sourcecode.swift; path = UltimateMoneyVisualizerTests.swift; sourceTree = "<group>"; };
		9C7F967729F8F03E00F5035C /* UltimateMoneyVisualizerUITests.xctest */ = {isa = PBXFileReference; explicitFileType = wrapper.cfbundle; includeInIndex = 0; path = UltimateMoneyVisualizerUITests.xctest; sourceTree = BUILT_PRODUCTS_DIR; };
		9C7F967B29F8F03E00F5035C /* UltimateMoneyVisualizerUITests.swift */ = {isa = PBXFileReference; lastKnownFileType = sourcecode.swift; path = UltimateMoneyVisualizerUITests.swift; sourceTree = "<group>"; };
		9C7F967D29F8F03E00F5035C /* UltimateMoneyVisualizerUITestsLaunchTests.swift */ = {isa = PBXFileReference; lastKnownFileType = sourcecode.swift; path = UltimateMoneyVisualizerUITestsLaunchTests.swift; sourceTree = "<group>"; };
		9C7F968C29F8FD2D00F5035C /* ExtendExpense.swift */ = {isa = PBXFileReference; lastKnownFileType = sourcecode.swift; path = ExtendExpense.swift; sourceTree = "<group>"; };
		9C7F969229F8FE3500F5035C /* ExtendShift.swift */ = {isa = PBXFileReference; fileEncoding = 4; lastKnownFileType = sourcecode.swift; path = ExtendShift.swift; sourceTree = "<group>"; };
		9C7F969329F8FE3500F5035C /* ExtendWage.swift */ = {isa = PBXFileReference; fileEncoding = 4; lastKnownFileType = sourcecode.swift; path = ExtendWage.swift; sourceTree = "<group>"; };
		9C7F969429F8FE3500F5035C /* ExtendGoal.swift */ = {isa = PBXFileReference; fileEncoding = 4; lastKnownFileType = sourcecode.swift; path = ExtendGoal.swift; sourceTree = "<group>"; };
		9C7F969529F8FE3500F5035C /* ExtendSettings.swift */ = {isa = PBXFileReference; fileEncoding = 4; lastKnownFileType = sourcecode.swift; path = ExtendSettings.swift; sourceTree = "<group>"; };
		9C7F969629F8FE3500F5035C /* ExtendUser.swift */ = {isa = PBXFileReference; fileEncoding = 4; lastKnownFileType = sourcecode.swift; path = ExtendUser.swift; sourceTree = "<group>"; };
		9C7F969729F8FE3500F5035C /* ExtendAllocation.swift */ = {isa = PBXFileReference; fileEncoding = 4; lastKnownFileType = sourcecode.swift; path = ExtendAllocation.swift; sourceTree = "<group>"; };
		9C7F969829F8FE3500F5035C /* ExtendSaved.swift */ = {isa = PBXFileReference; fileEncoding = 4; lastKnownFileType = sourcecode.swift; path = ExtendSaved.swift; sourceTree = "<group>"; };
/* End PBXFileReference section */

/* Begin PBXFrameworksBuildPhase section */
		9C7F965429F8F03C00F5035C /* Frameworks */ = {
			isa = PBXFrameworksBuildPhase;
			buildActionMask = 2147483647;
			files = (
				9C7F96A229F8FE6700F5035C /* Vin in Frameworks */,
			);
			runOnlyForDeploymentPostprocessing = 0;
		};
		9C7F966A29F8F03E00F5035C /* Frameworks */ = {
			isa = PBXFrameworksBuildPhase;
			buildActionMask = 2147483647;
			files = (
			);
			runOnlyForDeploymentPostprocessing = 0;
		};
		9C7F967429F8F03E00F5035C /* Frameworks */ = {
			isa = PBXFrameworksBuildPhase;
			buildActionMask = 2147483647;
			files = (
			);
			runOnlyForDeploymentPostprocessing = 0;
		};
/* End PBXFrameworksBuildPhase section */

/* Begin PBXGroup section */
		9C7F964E29F8F03C00F5035C = {
			isa = PBXGroup;
			children = (
				9C7F965929F8F03C00F5035C /* UltimateMoneyVisualizer */,
				9C7F967029F8F03E00F5035C /* UltimateMoneyVisualizerTests */,
				9C7F967A29F8F03E00F5035C /* UltimateMoneyVisualizerUITests */,
				9C7F965829F8F03C00F5035C /* Products */,
			);
			sourceTree = "<group>";
		};
		9C7F965829F8F03C00F5035C /* Products */ = {
			isa = PBXGroup;
			children = (
				9C7F965729F8F03C00F5035C /* UltimateMoneyVisualizer.app */,
				9C7F966D29F8F03E00F5035C /* UltimateMoneyVisualizerTests.xctest */,
				9C7F967729F8F03E00F5035C /* UltimateMoneyVisualizerUITests.xctest */,
			);
			name = Products;
			sourceTree = "<group>";
		};
		9C7F965929F8F03C00F5035C /* UltimateMoneyVisualizer */ = {
			isa = PBXGroup;
			children = (
				9C7F965A29F8F03C00F5035C /* UltimateMoneyVisualizerApp.swift */,
				9C7F968A29F8FD0300F5035C /* Core Data */,
				9C7F965C29F8F03C00F5035C /* ContentView.swift */,
				9C7F965E29F8F03E00F5035C /* Assets.xcassets */,
				9C7F966829F8F03E00F5035C /* Info.plist */,
				9C7F966029F8F03E00F5035C /* Preview Content */,
			);
			path = UltimateMoneyVisualizer;
			sourceTree = "<group>";
		};
		9C7F966029F8F03E00F5035C /* Preview Content */ = {
			isa = PBXGroup;
			children = (
				9C7F966129F8F03E00F5035C /* Preview Assets.xcassets */,
			);
			path = "Preview Content";
			sourceTree = "<group>";
		};
		9C7F967029F8F03E00F5035C /* UltimateMoneyVisualizerTests */ = {
			isa = PBXGroup;
			children = (
				9C7F967129F8F03E00F5035C /* UltimateMoneyVisualizerTests.swift */,
			);
			path = UltimateMoneyVisualizerTests;
			sourceTree = "<group>";
		};
		9C7F967A29F8F03E00F5035C /* UltimateMoneyVisualizerUITests */ = {
			isa = PBXGroup;
			children = (
				9C7F967B29F8F03E00F5035C /* UltimateMoneyVisualizerUITests.swift */,
				9C7F967D29F8F03E00F5035C /* UltimateMoneyVisualizerUITestsLaunchTests.swift */,
			);
			path = UltimateMoneyVisualizerUITests;
			sourceTree = "<group>";
		};
		9C7F968A29F8FD0300F5035C /* Core Data */ = {
			isa = PBXGroup;
			children = (
				9C7F968F29F8FD5A00F5035C /* PersistenceController */,
				9C7F968E29F8FD5400F5035C /* Model */,
				9C7F968B29F8FD1700F5035C /* Extensions */,
			);
			path = "Core Data";
			sourceTree = "<group>";
		};
		9C7F968B29F8FD1700F5035C /* Extensions */ = {
			isa = PBXGroup;
			children = (
				9C7F969729F8FE3500F5035C /* ExtendAllocation.swift */,
				9C7F969429F8FE3500F5035C /* ExtendGoal.swift */,
				9C7F969829F8FE3500F5035C /* ExtendSaved.swift */,
				9C7F969529F8FE3500F5035C /* ExtendSettings.swift */,
				9C7F969229F8FE3500F5035C /* ExtendShift.swift */,
				9C7F969629F8FE3500F5035C /* ExtendUser.swift */,
				9C7F969329F8FE3500F5035C /* ExtendWage.swift */,
				9C7F968C29F8FD2D00F5035C /* ExtendExpense.swift */,
			);
			path = Extensions;
			sourceTree = "<group>";
		};
		9C7F968E29F8FD5400F5035C /* Model */ = {
			isa = PBXGroup;
			children = (
				9C7F966529F8F03E00F5035C /* UltimateMoneyVisualizer.xcdatamodeld */,
			);
			path = Model;
			sourceTree = "<group>";
		};
		9C7F968F29F8FD5A00F5035C /* PersistenceController */ = {
			isa = PBXGroup;
			children = (
				9C7F966329F8F03E00F5035C /* Persistence.swift */,
			);
			path = PersistenceController;
			sourceTree = "<group>";
		};
/* End PBXGroup section */

/* Begin PBXNativeTarget section */
		9C7F965629F8F03C00F5035C /* UltimateMoneyVisualizer */ = {
			isa = PBXNativeTarget;
			buildConfigurationList = 9C7F968129F8F03E00F5035C /* Build configuration list for PBXNativeTarget "UltimateMoneyVisualizer" */;
			buildPhases = (
				9C7F965329F8F03C00F5035C /* Sources */,
				9C7F965429F8F03C00F5035C /* Frameworks */,
				9C7F965529F8F03C00F5035C /* Resources */,
			);
			buildRules = (
			);
			dependencies = (
			);
			name = UltimateMoneyVisualizer;
			packageProductDependencies = (
				9C7F96A129F8FE6700F5035C /* Vin */,
			);
			productName = UltimateMoneyVisualizer;
			productReference = 9C7F965729F8F03C00F5035C /* UltimateMoneyVisualizer.app */;
			productType = "com.apple.product-type.application";
		};
		9C7F966C29F8F03E00F5035C /* UltimateMoneyVisualizerTests */ = {
			isa = PBXNativeTarget;
			buildConfigurationList = 9C7F968429F8F03E00F5035C /* Build configuration list for PBXNativeTarget "UltimateMoneyVisualizerTests" */;
			buildPhases = (
				9C7F966929F8F03E00F5035C /* Sources */,
				9C7F966A29F8F03E00F5035C /* Frameworks */,
				9C7F966B29F8F03E00F5035C /* Resources */,
			);
			buildRules = (
			);
			dependencies = (
				9C7F966F29F8F03E00F5035C /* PBXTargetDependency */,
			);
			name = UltimateMoneyVisualizerTests;
			productName = UltimateMoneyVisualizerTests;
			productReference = 9C7F966D29F8F03E00F5035C /* UltimateMoneyVisualizerTests.xctest */;
			productType = "com.apple.product-type.bundle.unit-test";
		};
		9C7F967629F8F03E00F5035C /* UltimateMoneyVisualizerUITests */ = {
			isa = PBXNativeTarget;
			buildConfigurationList = 9C7F968729F8F03E00F5035C /* Build configuration list for PBXNativeTarget "UltimateMoneyVisualizerUITests" */;
			buildPhases = (
				9C7F967329F8F03E00F5035C /* Sources */,
				9C7F967429F8F03E00F5035C /* Frameworks */,
				9C7F967529F8F03E00F5035C /* Resources */,
			);
			buildRules = (
			);
			dependencies = (
				9C7F967929F8F03E00F5035C /* PBXTargetDependency */,
			);
			name = UltimateMoneyVisualizerUITests;
			productName = UltimateMoneyVisualizerUITests;
			productReference = 9C7F967729F8F03E00F5035C /* UltimateMoneyVisualizerUITests.xctest */;
			productType = "com.apple.product-type.bundle.ui-testing";
		};
/* End PBXNativeTarget section */

/* Begin PBXProject section */
		9C7F964F29F8F03C00F5035C /* Project object */ = {
			isa = PBXProject;
			attributes = {
				BuildIndependentTargetsInParallel = 1;
				LastSwiftUpdateCheck = 1430;
				LastUpgradeCheck = 1430;
				TargetAttributes = {
					9C7F965629F8F03C00F5035C = {
						CreatedOnToolsVersion = 14.3;
					};
					9C7F966C29F8F03E00F5035C = {
						CreatedOnToolsVersion = 14.3;
						TestTargetID = 9C7F965629F8F03C00F5035C;
					};
					9C7F967629F8F03E00F5035C = {
						CreatedOnToolsVersion = 14.3;
						TestTargetID = 9C7F965629F8F03C00F5035C;
					};
				};
			};
			buildConfigurationList = 9C7F965229F8F03C00F5035C /* Build configuration list for PBXProject "UltimateMoneyVisualizer" */;
			compatibilityVersion = "Xcode 14.0";
			developmentRegion = en;
			hasScannedForEncodings = 0;
			knownRegions = (
				en,
				Base,
			);
			mainGroup = 9C7F964E29F8F03C00F5035C;
			packageReferences = (
				9C7F96A029F8FE6700F5035C /* XCRemoteSwiftPackageReference "VinPackage" */,
			);
			productRefGroup = 9C7F965829F8F03C00F5035C /* Products */;
			projectDirPath = "";
			projectRoot = "";
			targets = (
				9C7F965629F8F03C00F5035C /* UltimateMoneyVisualizer */,
				9C7F966C29F8F03E00F5035C /* UltimateMoneyVisualizerTests */,
				9C7F967629F8F03E00F5035C /* UltimateMoneyVisualizerUITests */,
			);
		};
/* End PBXProject section */

/* Begin PBXResourcesBuildPhase section */
		9C7F965529F8F03C00F5035C /* Resources */ = {
			isa = PBXResourcesBuildPhase;
			buildActionMask = 2147483647;
			files = (
				9C7F966229F8F03E00F5035C /* Preview Assets.xcassets in Resources */,
				9C7F965F29F8F03E00F5035C /* Assets.xcassets in Resources */,
			);
			runOnlyForDeploymentPostprocessing = 0;
		};
		9C7F966B29F8F03E00F5035C /* Resources */ = {
			isa = PBXResourcesBuildPhase;
			buildActionMask = 2147483647;
			files = (
			);
			runOnlyForDeploymentPostprocessing = 0;
		};
		9C7F967529F8F03E00F5035C /* Resources */ = {
			isa = PBXResourcesBuildPhase;
			buildActionMask = 2147483647;
			files = (
			);
			runOnlyForDeploymentPostprocessing = 0;
		};
/* End PBXResourcesBuildPhase section */

/* Begin PBXSourcesBuildPhase section */
		9C7F965329F8F03C00F5035C /* Sources */ = {
			isa = PBXSourcesBuildPhase;
			buildActionMask = 2147483647;
			files = (
				9C7F966429F8F03E00F5035C /* Persistence.swift in Sources */,
				9C7F968D29F8FD2D00F5035C /* ExtendExpense.swift in Sources */,
				9C7F965D29F8F03C00F5035C /* ContentView.swift in Sources */,
				9C7F969C29F8FE3500F5035C /* ExtendSettings.swift in Sources */,
				9C7F965B29F8F03C00F5035C /* UltimateMoneyVisualizerApp.swift in Sources */,
				9C7F969929F8FE3500F5035C /* ExtendShift.swift in Sources */,
				9C7F969E29F8FE3500F5035C /* ExtendAllocation.swift in Sources */,
				9C7F969D29F8FE3500F5035C /* ExtendUser.swift in Sources */,
				9C7F969A29F8FE3500F5035C /* ExtendWage.swift in Sources */,
				9C7F969B29F8FE3500F5035C /* ExtendGoal.swift in Sources */,
				9C7F966729F8F03E00F5035C /* UltimateMoneyVisualizer.xcdatamodeld in Sources */,
				9C7F969F29F8FE3500F5035C /* ExtendSaved.swift in Sources */,
			);
			runOnlyForDeploymentPostprocessing = 0;
		};
		9C7F966929F8F03E00F5035C /* Sources */ = {
			isa = PBXSourcesBuildPhase;
			buildActionMask = 2147483647;
			files = (
				9C7F967229F8F03E00F5035C /* UltimateMoneyVisualizerTests.swift in Sources */,
			);
			runOnlyForDeploymentPostprocessing = 0;
		};
		9C7F967329F8F03E00F5035C /* Sources */ = {
			isa = PBXSourcesBuildPhase;
			buildActionMask = 2147483647;
			files = (
				9C7F967E29F8F03E00F5035C /* UltimateMoneyVisualizerUITestsLaunchTests.swift in Sources */,
				9C7F967C29F8F03E00F5035C /* UltimateMoneyVisualizerUITests.swift in Sources */,
			);
			runOnlyForDeploymentPostprocessing = 0;
		};
/* End PBXSourcesBuildPhase section */

/* Begin PBXTargetDependency section */
		9C7F966F29F8F03E00F5035C /* PBXTargetDependency */ = {
			isa = PBXTargetDependency;
			target = 9C7F965629F8F03C00F5035C /* UltimateMoneyVisualizer */;
			targetProxy = 9C7F966E29F8F03E00F5035C /* PBXContainerItemProxy */;
		};
		9C7F967929F8F03E00F5035C /* PBXTargetDependency */ = {
			isa = PBXTargetDependency;
			target = 9C7F965629F8F03C00F5035C /* UltimateMoneyVisualizer */;
			targetProxy = 9C7F967829F8F03E00F5035C /* PBXContainerItemProxy */;
		};
/* End PBXTargetDependency section */

/* Begin XCBuildConfiguration section */
		9C7F967F29F8F03E00F5035C /* Debug */ = {
			isa = XCBuildConfiguration;
			buildSettings = {
				ALWAYS_SEARCH_USER_PATHS = NO;
				CLANG_ANALYZER_NONNULL = YES;
				CLANG_ANALYZER_NUMBER_OBJECT_CONVERSION = YES_AGGRESSIVE;
				CLANG_CXX_LANGUAGE_STANDARD = "gnu++20";
				CLANG_ENABLE_MODULES = YES;
				CLANG_ENABLE_OBJC_ARC = YES;
				CLANG_ENABLE_OBJC_WEAK = YES;
				CLANG_WARN_BLOCK_CAPTURE_AUTORELEASING = YES;
				CLANG_WARN_BOOL_CONVERSION = YES;
				CLANG_WARN_COMMA = YES;
				CLANG_WARN_CONSTANT_CONVERSION = YES;
				CLANG_WARN_DEPRECATED_OBJC_IMPLEMENTATIONS = YES;
				CLANG_WARN_DIRECT_OBJC_ISA_USAGE = YES_ERROR;
				CLANG_WARN_DOCUMENTATION_COMMENTS = YES;
				CLANG_WARN_EMPTY_BODY = YES;
				CLANG_WARN_ENUM_CONVERSION = YES;
				CLANG_WARN_INFINITE_RECURSION = YES;
				CLANG_WARN_INT_CONVERSION = YES;
				CLANG_WARN_NON_LITERAL_NULL_CONVERSION = YES;
				CLANG_WARN_OBJC_IMPLICIT_RETAIN_SELF = YES;
				CLANG_WARN_OBJC_LITERAL_CONVERSION = YES;
				CLANG_WARN_OBJC_ROOT_CLASS = YES_ERROR;
				CLANG_WARN_QUOTED_INCLUDE_IN_FRAMEWORK_HEADER = YES;
				CLANG_WARN_RANGE_LOOP_ANALYSIS = YES;
				CLANG_WARN_STRICT_PROTOTYPES = YES;
				CLANG_WARN_SUSPICIOUS_MOVE = YES;
				CLANG_WARN_UNGUARDED_AVAILABILITY = YES_AGGRESSIVE;
				CLANG_WARN_UNREACHABLE_CODE = YES;
				CLANG_WARN__DUPLICATE_METHOD_MATCH = YES;
				COPY_PHASE_STRIP = NO;
				DEBUG_INFORMATION_FORMAT = dwarf;
				ENABLE_STRICT_OBJC_MSGSEND = YES;
				ENABLE_TESTABILITY = YES;
				GCC_C_LANGUAGE_STANDARD = gnu11;
				GCC_DYNAMIC_NO_PIC = NO;
				GCC_NO_COMMON_BLOCKS = YES;
				GCC_OPTIMIZATION_LEVEL = 0;
				GCC_PREPROCESSOR_DEFINITIONS = (
					"DEBUG=1",
					"$(inherited)",
				);
				GCC_WARN_64_TO_32_BIT_CONVERSION = YES;
				GCC_WARN_ABOUT_RETURN_TYPE = YES_ERROR;
				GCC_WARN_UNDECLARED_SELECTOR = YES;
				GCC_WARN_UNINITIALIZED_AUTOS = YES_AGGRESSIVE;
				GCC_WARN_UNUSED_FUNCTION = YES;
				GCC_WARN_UNUSED_VARIABLE = YES;
				IPHONEOS_DEPLOYMENT_TARGET = 16.4;
				MTL_ENABLE_DEBUG_INFO = INCLUDE_SOURCE;
				MTL_FAST_MATH = YES;
				ONLY_ACTIVE_ARCH = YES;
				SDKROOT = iphoneos;
				SWIFT_ACTIVE_COMPILATION_CONDITIONS = DEBUG;
				SWIFT_OPTIMIZATION_LEVEL = "-Onone";
			};
			name = Debug;
		};
		9C7F968029F8F03E00F5035C /* Release */ = {
			isa = XCBuildConfiguration;
			buildSettings = {
				ALWAYS_SEARCH_USER_PATHS = NO;
				CLANG_ANALYZER_NONNULL = YES;
				CLANG_ANALYZER_NUMBER_OBJECT_CONVERSION = YES_AGGRESSIVE;
				CLANG_CXX_LANGUAGE_STANDARD = "gnu++20";
				CLANG_ENABLE_MODULES = YES;
				CLANG_ENABLE_OBJC_ARC = YES;
				CLANG_ENABLE_OBJC_WEAK = YES;
				CLANG_WARN_BLOCK_CAPTURE_AUTORELEASING = YES;
				CLANG_WARN_BOOL_CONVERSION = YES;
				CLANG_WARN_COMMA = YES;
				CLANG_WARN_CONSTANT_CONVERSION = YES;
				CLANG_WARN_DEPRECATED_OBJC_IMPLEMENTATIONS = YES;
				CLANG_WARN_DIRECT_OBJC_ISA_USAGE = YES_ERROR;
				CLANG_WARN_DOCUMENTATION_COMMENTS = YES;
				CLANG_WARN_EMPTY_BODY = YES;
				CLANG_WARN_ENUM_CONVERSION = YES;
				CLANG_WARN_INFINITE_RECURSION = YES;
				CLANG_WARN_INT_CONVERSION = YES;
				CLANG_WARN_NON_LITERAL_NULL_CONVERSION = YES;
				CLANG_WARN_OBJC_IMPLICIT_RETAIN_SELF = YES;
				CLANG_WARN_OBJC_LITERAL_CONVERSION = YES;
				CLANG_WARN_OBJC_ROOT_CLASS = YES_ERROR;
				CLANG_WARN_QUOTED_INCLUDE_IN_FRAMEWORK_HEADER = YES;
				CLANG_WARN_RANGE_LOOP_ANALYSIS = YES;
				CLANG_WARN_STRICT_PROTOTYPES = YES;
				CLANG_WARN_SUSPICIOUS_MOVE = YES;
				CLANG_WARN_UNGUARDED_AVAILABILITY = YES_AGGRESSIVE;
				CLANG_WARN_UNREACHABLE_CODE = YES;
				CLANG_WARN__DUPLICATE_METHOD_MATCH = YES;
				COPY_PHASE_STRIP = NO;
				DEBUG_INFORMATION_FORMAT = "dwarf-with-dsym";
				ENABLE_NS_ASSERTIONS = NO;
				ENABLE_STRICT_OBJC_MSGSEND = YES;
				GCC_C_LANGUAGE_STANDARD = gnu11;
				GCC_NO_COMMON_BLOCKS = YES;
				GCC_WARN_64_TO_32_BIT_CONVERSION = YES;
				GCC_WARN_ABOUT_RETURN_TYPE = YES_ERROR;
				GCC_WARN_UNDECLARED_SELECTOR = YES;
				GCC_WARN_UNINITIALIZED_AUTOS = YES_AGGRESSIVE;
				GCC_WARN_UNUSED_FUNCTION = YES;
				GCC_WARN_UNUSED_VARIABLE = YES;
				IPHONEOS_DEPLOYMENT_TARGET = 16.4;
				MTL_ENABLE_DEBUG_INFO = NO;
				MTL_FAST_MATH = YES;
				SDKROOT = iphoneos;
				SWIFT_COMPILATION_MODE = wholemodule;
				SWIFT_OPTIMIZATION_LEVEL = "-O";
				VALIDATE_PRODUCT = YES;
			};
			name = Release;
		};
		9C7F968229F8F03E00F5035C /* Debug */ = {
			isa = XCBuildConfiguration;
			buildSettings = {
				ASSETCATALOG_COMPILER_APPICON_NAME = AppIcon;
				ASSETCATALOG_COMPILER_GLOBAL_ACCENT_COLOR_NAME = AccentColor;
				CODE_SIGN_STYLE = Automatic;
				CURRENT_PROJECT_VERSION = 1;
				DEVELOPMENT_ASSET_PATHS = "\"UltimateMoneyVisualizer/Preview Content\"";
				DEVELOPMENT_TEAM = KR268MWQL4;
				ENABLE_PREVIEWS = YES;
				GENERATE_INFOPLIST_FILE = YES;
				INFOPLIST_KEY_UIApplicationSceneManifest_Generation = YES;
				INFOPLIST_KEY_UIApplicationSupportsIndirectInputEvents = YES;
				INFOPLIST_KEY_UILaunchScreen_Generation = YES;
				INFOPLIST_KEY_UISupportedInterfaceOrientations_iPad = "UIInterfaceOrientationPortrait UIInterfaceOrientationPortraitUpsideDown UIInterfaceOrientationLandscapeLeft UIInterfaceOrientationLandscapeRight";
				INFOPLIST_KEY_UISupportedInterfaceOrientations_iPhone = "UIInterfaceOrientationPortrait UIInterfaceOrientationLandscapeLeft UIInterfaceOrientationLandscapeRight";
				LD_RUNPATH_SEARCH_PATHS = (
					"$(inherited)",
					"@executable_path/Frameworks",
				);
				MARKETING_VERSION = 1.0;
				PRODUCT_BUNDLE_IDENTIFIER = vin.UltimateMoneyVisualizer;
				PRODUCT_NAME = "$(TARGET_NAME)";
				SWIFT_EMIT_LOC_STRINGS = YES;
				SWIFT_VERSION = 5.0;
				TARGETED_DEVICE_FAMILY = "1,2";
			};
			name = Debug;
		};
		9C7F968329F8F03E00F5035C /* Release */ = {
			isa = XCBuildConfiguration;
			buildSettings = {
				ASSETCATALOG_COMPILER_APPICON_NAME = AppIcon;
				ASSETCATALOG_COMPILER_GLOBAL_ACCENT_COLOR_NAME = AccentColor;
				CODE_SIGN_STYLE = Automatic;
				CURRENT_PROJECT_VERSION = 1;
				DEVELOPMENT_ASSET_PATHS = "\"UltimateMoneyVisualizer/Preview Content\"";
				DEVELOPMENT_TEAM = KR268MWQL4;
				ENABLE_PREVIEWS = YES;
				GENERATE_INFOPLIST_FILE = YES;
				INFOPLIST_KEY_UIApplicationSceneManifest_Generation = YES;
				INFOPLIST_KEY_UIApplicationSupportsIndirectInputEvents = YES;
				INFOPLIST_KEY_UILaunchScreen_Generation = YES;
				INFOPLIST_KEY_UISupportedInterfaceOrientations_iPad = "UIInterfaceOrientationPortrait UIInterfaceOrientationPortraitUpsideDown UIInterfaceOrientationLandscapeLeft UIInterfaceOrientationLandscapeRight";
				INFOPLIST_KEY_UISupportedInterfaceOrientations_iPhone = "UIInterfaceOrientationPortrait UIInterfaceOrientationLandscapeLeft UIInterfaceOrientationLandscapeRight";
				LD_RUNPATH_SEARCH_PATHS = (
					"$(inherited)",
					"@executable_path/Frameworks",
				);
				MARKETING_VERSION = 1.0;
				PRODUCT_BUNDLE_IDENTIFIER = vin.UltimateMoneyVisualizer;
				PRODUCT_NAME = "$(TARGET_NAME)";
				SWIFT_EMIT_LOC_STRINGS = YES;
				SWIFT_VERSION = 5.0;
				TARGETED_DEVICE_FAMILY = "1,2";
			};
			name = Release;
		};
		9C7F968529F8F03E00F5035C /* Debug */ = {
			isa = XCBuildConfiguration;
			buildSettings = {
				ALWAYS_EMBED_SWIFT_STANDARD_LIBRARIES = YES;
				BUNDLE_LOADER = "$(TEST_HOST)";
				CODE_SIGN_STYLE = Automatic;
				CURRENT_PROJECT_VERSION = 1;
				DEVELOPMENT_TEAM = KR268MWQL4;
				GENERATE_INFOPLIST_FILE = YES;
				IPHONEOS_DEPLOYMENT_TARGET = 16.4;
				MARKETING_VERSION = 1.0;
				PRODUCT_BUNDLE_IDENTIFIER = vin.UltimateMoneyVisualizerTests;
				PRODUCT_NAME = "$(TARGET_NAME)";
				SWIFT_EMIT_LOC_STRINGS = NO;
				SWIFT_VERSION = 5.0;
				TARGETED_DEVICE_FAMILY = "1,2";
				TEST_HOST = "$(BUILT_PRODUCTS_DIR)/UltimateMoneyVisualizer.app/$(BUNDLE_EXECUTABLE_FOLDER_PATH)/UltimateMoneyVisualizer";
			};
			name = Debug;
		};
		9C7F968629F8F03E00F5035C /* Release */ = {
			isa = XCBuildConfiguration;
			buildSettings = {
				ALWAYS_EMBED_SWIFT_STANDARD_LIBRARIES = YES;
				BUNDLE_LOADER = "$(TEST_HOST)";
				CODE_SIGN_STYLE = Automatic;
				CURRENT_PROJECT_VERSION = 1;
				DEVELOPMENT_TEAM = KR268MWQL4;
				GENERATE_INFOPLIST_FILE = YES;
				IPHONEOS_DEPLOYMENT_TARGET = 16.4;
				MARKETING_VERSION = 1.0;
				PRODUCT_BUNDLE_IDENTIFIER = vin.UltimateMoneyVisualizerTests;
				PRODUCT_NAME = "$(TARGET_NAME)";
				SWIFT_EMIT_LOC_STRINGS = NO;
				SWIFT_VERSION = 5.0;
				TARGETED_DEVICE_FAMILY = "1,2";
				TEST_HOST = "$(BUILT_PRODUCTS_DIR)/UltimateMoneyVisualizer.app/$(BUNDLE_EXECUTABLE_FOLDER_PATH)/UltimateMoneyVisualizer";
			};
			name = Release;
		};
		9C7F968829F8F03E00F5035C /* Debug */ = {
			isa = XCBuildConfiguration;
			buildSettings = {
				ALWAYS_EMBED_SWIFT_STANDARD_LIBRARIES = YES;
				CODE_SIGN_STYLE = Automatic;
				CURRENT_PROJECT_VERSION = 1;
				DEVELOPMENT_TEAM = KR268MWQL4;
				GENERATE_INFOPLIST_FILE = YES;
				MARKETING_VERSION = 1.0;
				PRODUCT_BUNDLE_IDENTIFIER = vin.UltimateMoneyVisualizerUITests;
				PRODUCT_NAME = "$(TARGET_NAME)";
				SWIFT_EMIT_LOC_STRINGS = NO;
				SWIFT_VERSION = 5.0;
				TARGETED_DEVICE_FAMILY = "1,2";
				TEST_TARGET_NAME = UltimateMoneyVisualizer;
			};
			name = Debug;
		};
		9C7F968929F8F03E00F5035C /* Release */ = {
			isa = XCBuildConfiguration;
			buildSettings = {
				ALWAYS_EMBED_SWIFT_STANDARD_LIBRARIES = YES;
				CODE_SIGN_STYLE = Automatic;
				CURRENT_PROJECT_VERSION = 1;
				DEVELOPMENT_TEAM = KR268MWQL4;
				GENERATE_INFOPLIST_FILE = YES;
				MARKETING_VERSION = 1.0;
				PRODUCT_BUNDLE_IDENTIFIER = vin.UltimateMoneyVisualizerUITests;
				PRODUCT_NAME = "$(TARGET_NAME)";
				SWIFT_EMIT_LOC_STRINGS = NO;
				SWIFT_VERSION = 5.0;
				TARGETED_DEVICE_FAMILY = "1,2";
				TEST_TARGET_NAME = UltimateMoneyVisualizer;
			};
			name = Release;
		};
/* End XCBuildConfiguration section */

/* Begin XCConfigurationList section */
		9C7F965229F8F03C00F5035C /* Build configuration list for PBXProject "UltimateMoneyVisualizer" */ = {
			isa = XCConfigurationList;
			buildConfigurations = (
				9C7F967F29F8F03E00F5035C /* Debug */,
				9C7F968029F8F03E00F5035C /* Release */,
			);
			defaultConfigurationIsVisible = 0;
			defaultConfigurationName = Release;
		};
		9C7F968129F8F03E00F5035C /* Build configuration list for PBXNativeTarget "UltimateMoneyVisualizer" */ = {
			isa = XCConfigurationList;
			buildConfigurations = (
				9C7F968229F8F03E00F5035C /* Debug */,
				9C7F968329F8F03E00F5035C /* Release */,
			);
			defaultConfigurationIsVisible = 0;
			defaultConfigurationName = Release;
		};
		9C7F968429F8F03E00F5035C /* Build configuration list for PBXNativeTarget "UltimateMoneyVisualizerTests" */ = {
			isa = XCConfigurationList;
			buildConfigurations = (
				9C7F968529F8F03E00F5035C /* Debug */,
				9C7F968629F8F03E00F5035C /* Release */,
			);
			defaultConfigurationIsVisible = 0;
			defaultConfigurationName = Release;
		};
		9C7F968729F8F03E00F5035C /* Build configuration list for PBXNativeTarget "UltimateMoneyVisualizerUITests" */ = {
			isa = XCConfigurationList;
			buildConfigurations = (
				9C7F968829F8F03E00F5035C /* Debug */,
				9C7F968929F8F03E00F5035C /* Release */,
			);
			defaultConfigurationIsVisible = 0;
			defaultConfigurationName = Release;
		};
/* End XCConfigurationList section */

/* Begin XCRemoteSwiftPackageReference section */
		9C7F96A029F8FE6700F5035C /* XCRemoteSwiftPackageReference "VinPackage" */ = {
			isa = XCRemoteSwiftPackageReference;
			repositoryURL = "https://github.com/vdeaugustine/VinPackage";
			requirement = {
				kind = upToNextMajorVersion;
				minimumVersion = 1.0.0;
			};
		};
/* End XCRemoteSwiftPackageReference section */

/* Begin XCSwiftPackageProductDependency section */
		9C7F96A129F8FE6700F5035C /* Vin */ = {
			isa = XCSwiftPackageProductDependency;
			package = 9C7F96A029F8FE6700F5035C /* XCRemoteSwiftPackageReference "VinPackage" */;
			productName = Vin;
		};
/* End XCSwiftPackageProductDependency section */

/* Begin XCVersionGroup section */
		9C7F966529F8F03E00F5035C /* UltimateMoneyVisualizer.xcdatamodeld */ = {
			isa = XCVersionGroup;
			children = (
				9C7F966629F8F03E00F5035C /* UltimateMoneyVisualizer.xcdatamodel */,
			);
			currentVersion = 9C7F966629F8F03E00F5035C /* UltimateMoneyVisualizer.xcdatamodel */;
			path = UltimateMoneyVisualizer.xcdatamodeld;
			sourceTree = "<group>";
			versionGroupType = wrapper.xcdatamodel;
		};
/* End XCVersionGroup section */
	};
	rootObject = 9C7F964F29F8F03C00F5035C /* Project object */;
}
