// !$*UTF8*$!
{
	archiveVersion = 1;
	classes = {
	};
	objectVersion = 56;
	objects = {

/* Begin PBXBuildFile section */
		9C0505722A0FF56C00FC6511 /* PayoffItemProgressBar.swift in Sources */ = {isa = PBXBuildFile; fileRef = 9C0505712A0FF56C00FC6511 /* PayoffItemProgressBar.swift */; };
		9C3C58622A0C8BE200169A0F /* DateCircle.swift in Sources */ = {isa = PBXBuildFile; fileRef = 9C3C58612A0C8BE200169A0F /* DateCircle.swift */; };
		9C3C58642A0C9ED500169A0F /* AddAllocationForExpenseView.swift in Sources */ = {isa = PBXBuildFile; fileRef = 9C3C58632A0C9ED500169A0F /* AddAllocationForExpenseView.swift */; };
		9C3C58662A0CB89800169A0F /* AddAllocationForGoalView.swift in Sources */ = {isa = PBXBuildFile; fileRef = 9C3C58652A0CB89800169A0F /* AddAllocationForGoalView.swift */; };
		9C3C58682A0CBF5900169A0F /* AllItemsView.swift in Sources */ = {isa = PBXBuildFile; fileRef = 9C3C58672A0CBF5900169A0F /* AllItemsView.swift */; };
		9C442A372A03792800D61C3E /* WageBreakdownBox.swift in Sources */ = {isa = PBXBuildFile; fileRef = 9C442A362A03792800D61C3E /* WageBreakdownBox.swift */; };
		9C442A392A03798C00D61C3E /* WageTests.swift in Sources */ = {isa = PBXBuildFile; fileRef = 9C442A382A03798C00D61C3E /* WageTests.swift */; };
		9C460EE02A038B9F0007EBA9 /* MultipleNewShiftsView.swift in Sources */ = {isa = PBXBuildFile; fileRef = 9C460EDF2A038B9F0007EBA9 /* MultipleNewShiftsView.swift */; };
		9C460EE22A038D420007EBA9 /* ShiftCircle.swift in Sources */ = {isa = PBXBuildFile; fileRef = 9C460EE12A038D420007EBA9 /* ShiftCircle.swift */; };
		9C460EE42A038D880007EBA9 /* CircleBadgeView.swift in Sources */ = {isa = PBXBuildFile; fileRef = 9C460EE32A038D880007EBA9 /* CircleBadgeView.swift */; };
		9C460EE62A047D900007EBA9 /* AddNewItemFirstView.swift in Sources */ = {isa = PBXBuildFile; fileRef = 9C460EE52A047D900007EBA9 /* AddNewItemFirstView.swift */; };
		9C460EE92A049DFA0007EBA9 /* StatsView.swift in Sources */ = {isa = PBXBuildFile; fileRef = 9C460EE82A049DFA0007EBA9 /* StatsView.swift */; };
		9C460EEB2A04D3060007EBA9 /* UserFunctionsTests.swift in Sources */ = {isa = PBXBuildFile; fileRef = 9C460EEA2A04D3060007EBA9 /* UserFunctionsTests.swift */; };
		9C514DAA29FF71B5003DC43C /* RectContainerModifier.swift in Sources */ = {isa = PBXBuildFile; fileRef = 9C514DA929FF71B5003DC43C /* RectContainerModifier.swift */; };
		9C514DAC29FF7359003DC43C /* HomePageSectionContainerModifier.swift in Sources */ = {isa = PBXBuildFile; fileRef = 9C514DAB29FF7359003DC43C /* HomePageSectionContainerModifier.swift */; };
		9C514DAE29FF79AE003DC43C /* SavedItemTests.swift in Sources */ = {isa = PBXBuildFile; fileRef = 9C514DAD29FF79AE003DC43C /* SavedItemTests.swift */; };
		9C514DB02A002266003DC43C /* ExtendPayoffQueue.swift in Sources */ = {isa = PBXBuildFile; fileRef = 9C514DAF2A002266003DC43C /* ExtendPayoffQueue.swift */; };
		9C514DB32A0024E9003DC43C /* PayoffItem.swift in Sources */ = {isa = PBXBuildFile; fileRef = 9C514DB22A0024E9003DC43C /* PayoffItem.swift */; };
		9C514DB52A00A480003DC43C /* PayoffQueueView.swift in Sources */ = {isa = PBXBuildFile; fileRef = 9C514DB42A00A480003DC43C /* PayoffQueueView.swift */; };
		9C65A75F2A00D28E00A5BCF1 /* GoalRow.swift in Sources */ = {isa = PBXBuildFile; fileRef = 9C65A75E2A00D28E00A5BCF1 /* GoalRow.swift */; };
		9C65A7612A00D4B900A5BCF1 /* ExpenseRow.swift in Sources */ = {isa = PBXBuildFile; fileRef = 9C65A7602A00D4B900A5BCF1 /* ExpenseRow.swift */; };
		9C7C983A29F9EC410077EA25 /* EnterWageView.swift in Sources */ = {isa = PBXBuildFile; fileRef = 9C7C983929F9EC410077EA25 /* EnterWageView.swift */; };
		9C7C983C29F9EDDF0077EA25 /* SelectRegularDaysView.swift in Sources */ = {isa = PBXBuildFile; fileRef = 9C7C983B29F9EDDF0077EA25 /* SelectRegularDaysView.swift */; };
		9C7C983F29F9F68B0077EA25 /* RegularScheduleView.swift in Sources */ = {isa = PBXBuildFile; fileRef = 9C7C983E29F9F68B0077EA25 /* RegularScheduleView.swift */; };
		9C7C984129F9F7B20077EA25 /* AllSchedulesView.swift in Sources */ = {isa = PBXBuildFile; fileRef = 9C7C984029F9F7B20077EA25 /* AllSchedulesView.swift */; };
		9C7C984529FA0DA80077EA25 /* SettingsView.swift in Sources */ = {isa = PBXBuildFile; fileRef = 9C7C984429FA0DA80077EA25 /* SettingsView.swift */; };
		9C7C984729FA0E130077EA25 /* HomeView.swift in Sources */ = {isa = PBXBuildFile; fileRef = 9C7C984629FA0E130077EA25 /* HomeView.swift */; };
		9C7C984A29FA5BFB0077EA25 /* ExtendTodayShift.swift in Sources */ = {isa = PBXBuildFile; fileRef = 9C7C984929FA5BFB0077EA25 /* ExtendTodayShift.swift */; };
		9C7C984C29FA5C1D0077EA25 /* ExtendWorkSchedule.swift in Sources */ = {isa = PBXBuildFile; fileRef = 9C7C984B29FA5C1D0077EA25 /* ExtendWorkSchedule.swift */; };
		9C7C984E29FB35E10077EA25 /* AssignAllocationView.swift in Sources */ = {isa = PBXBuildFile; fileRef = 9C7C984D29FB35E10077EA25 /* AssignAllocationView.swift */; };
		9C7C985029FB606E0077EA25 /* ExtendUserDefaults.swift in Sources */ = {isa = PBXBuildFile; fileRef = 9C7C984F29FB606E0077EA25 /* ExtendUserDefaults.swift */; };
		9C7C985229FB613E0077EA25 /* ExtendColor.swift in Sources */ = {isa = PBXBuildFile; fileRef = 9C7C985129FB613E0077EA25 /* ExtendColor.swift */; };
		9C7C985429FB6D500077EA25 /* AllocateShiftToExpense.swift in Sources */ = {isa = PBXBuildFile; fileRef = 9C7C985329FB6D500077EA25 /* AllocateShiftToExpense.swift */; };
		9C7C985829FB723D0077EA25 /* MoneyPicker.swift in Sources */ = {isa = PBXBuildFile; fileRef = 9C7C985729FB723D0077EA25 /* MoneyPicker.swift */; };
		9C7C985A29FCA09C0077EA25 /* TodayView.swift in Sources */ = {isa = PBXBuildFile; fileRef = 9C7C985929FCA09C0077EA25 /* TodayView.swift */; };
		9C7C985C29FCCF760077EA25 /* TodayShiftTests.swift in Sources */ = {isa = PBXBuildFile; fileRef = 9C7C985B29FCCF760077EA25 /* TodayShiftTests.swift */; };
		9C7C985F29FCD5AB0077EA25 /* HorizontalDataDisplay.swift in Sources */ = {isa = PBXBuildFile; fileRef = 9C7C985E29FCD5AB0077EA25 /* HorizontalDataDisplay.swift */; };
		9C7C986129FCE6A80077EA25 /* ProgressBar.swift in Sources */ = {isa = PBXBuildFile; fileRef = 9C7C986029FCE6A80077EA25 /* ProgressBar.swift */; };
		9C7C986329FCEB3E0077EA25 /* ProgressCircle.swift in Sources */ = {isa = PBXBuildFile; fileRef = 9C7C986229FCEB3E0077EA25 /* ProgressCircle.swift */; };
		9C7C986529FCF3B60077EA25 /* PieChart.swift in Sources */ = {isa = PBXBuildFile; fileRef = 9C7C986429FCF3B60077EA25 /* PieChart.swift */; };
		9C7C986729FD7A390077EA25 /* TodayLiveCompletedBanner.swift in Sources */ = {isa = PBXBuildFile; fileRef = 9C7C986629FD7A390077EA25 /* TodayLiveCompletedBanner.swift */; };
		9C7C986929FDA7880077EA25 /* ExtendTemporaryAllocation.swift in Sources */ = {isa = PBXBuildFile; fileRef = 9C7C986829FDA7880077EA25 /* ExtendTemporaryAllocation.swift */; };
		9C7C986B29FDACD40077EA25 /* ExpenseTests.swift in Sources */ = {isa = PBXBuildFile; fileRef = 9C7C986A29FDACD40077EA25 /* ExpenseTests.swift */; };
		9C7C986D29FDF1EA0077EA25 /* ConfirmTodayShiftView.swift in Sources */ = {isa = PBXBuildFile; fileRef = 9C7C986C29FDF1EA0077EA25 /* ConfirmTodayShiftView.swift */; };
		9C7C986F29FE30290077EA25 /* SystemImageWithFilledBackground.swift in Sources */ = {isa = PBXBuildFile; fileRef = 9C7C986E29FE30290077EA25 /* SystemImageWithFilledBackground.swift */; };
		9C7F965B29F8F03C00F5035C /* UltimateMoneyVisualizerApp.swift in Sources */ = {isa = PBXBuildFile; fileRef = 9C7F965A29F8F03C00F5035C /* UltimateMoneyVisualizerApp.swift */; };
		9C7F965D29F8F03C00F5035C /* ContentView.swift in Sources */ = {isa = PBXBuildFile; fileRef = 9C7F965C29F8F03C00F5035C /* ContentView.swift */; };
		9C7F965F29F8F03E00F5035C /* Assets.xcassets in Resources */ = {isa = PBXBuildFile; fileRef = 9C7F965E29F8F03E00F5035C /* Assets.xcassets */; };
		9C7F966229F8F03E00F5035C /* Preview Assets.xcassets in Resources */ = {isa = PBXBuildFile; fileRef = 9C7F966129F8F03E00F5035C /* Preview Assets.xcassets */; };
		9C7F966429F8F03E00F5035C /* Persistence.swift in Sources */ = {isa = PBXBuildFile; fileRef = 9C7F966329F8F03E00F5035C /* Persistence.swift */; };
		9C7F966729F8F03E00F5035C /* UltimateMoneyVisualizer.xcdatamodeld in Sources */ = {isa = PBXBuildFile; fileRef = 9C7F966529F8F03E00F5035C /* UltimateMoneyVisualizer.xcdatamodeld */; };
		9C7F967229F8F03E00F5035C /* UltimateMoneyVisualizerTests.swift in Sources */ = {isa = PBXBuildFile; fileRef = 9C7F967129F8F03E00F5035C /* UltimateMoneyVisualizerTests.swift */; };
		9C7F967C29F8F03E00F5035C /* UltimateMoneyVisualizerUITests.swift in Sources */ = {isa = PBXBuildFile; fileRef = 9C7F967B29F8F03E00F5035C /* UltimateMoneyVisualizerUITests.swift */; };
		9C7F967E29F8F03E00F5035C /* UltimateMoneyVisualizerUITestsLaunchTests.swift in Sources */ = {isa = PBXBuildFile; fileRef = 9C7F967D29F8F03E00F5035C /* UltimateMoneyVisualizerUITestsLaunchTests.swift */; };
		9C7F968D29F8FD2D00F5035C /* ExtendExpense.swift in Sources */ = {isa = PBXBuildFile; fileRef = 9C7F968C29F8FD2D00F5035C /* ExtendExpense.swift */; };
		9C7F969929F8FE3500F5035C /* ExtendShift.swift in Sources */ = {isa = PBXBuildFile; fileRef = 9C7F969229F8FE3500F5035C /* ExtendShift.swift */; };
		9C7F969A29F8FE3500F5035C /* ExtendWage.swift in Sources */ = {isa = PBXBuildFile; fileRef = 9C7F969329F8FE3500F5035C /* ExtendWage.swift */; };
		9C7F969B29F8FE3500F5035C /* ExtendGoal.swift in Sources */ = {isa = PBXBuildFile; fileRef = 9C7F969429F8FE3500F5035C /* ExtendGoal.swift */; };
		9C7F969C29F8FE3500F5035C /* ExtendSettings.swift in Sources */ = {isa = PBXBuildFile; fileRef = 9C7F969529F8FE3500F5035C /* ExtendSettings.swift */; };
		9C7F969D29F8FE3500F5035C /* ExtendUser.swift in Sources */ = {isa = PBXBuildFile; fileRef = 9C7F969629F8FE3500F5035C /* ExtendUser.swift */; };
		9C7F969E29F8FE3500F5035C /* ExtendAllocation.swift in Sources */ = {isa = PBXBuildFile; fileRef = 9C7F969729F8FE3500F5035C /* ExtendAllocation.swift */; };
		9C7F969F29F8FE3500F5035C /* ExtendSaved.swift in Sources */ = {isa = PBXBuildFile; fileRef = 9C7F969829F8FE3500F5035C /* ExtendSaved.swift */; };
		9C7F96A229F8FE6700F5035C /* Vin in Frameworks */ = {isa = PBXBuildFile; productRef = 9C7F96A129F8FE6700F5035C /* Vin */; };
		9C7F96A629F8FF0100F5035C /* CreateExpenseView.swift in Sources */ = {isa = PBXBuildFile; fileRef = 9C7F96A529F8FF0100F5035C /* CreateExpenseView.swift */; };
		9C7F96A929F9004000F5035C /* AlertToast in Frameworks */ = {isa = PBXBuildFile; productRef = 9C7F96A829F9004000F5035C /* AlertToast */; };
		9C97358C2A0D5EB800F651A1 /* ChooseGoalForSavedAlloc.swift in Sources */ = {isa = PBXBuildFile; fileRef = 9C97358B2A0D5EB800F651A1 /* ChooseGoalForSavedAlloc.swift */; };
		9C97358E2A0D5EC200F651A1 /* ChooseExpenseForSavedAlloc.swift in Sources */ = {isa = PBXBuildFile; fileRef = 9C97358D2A0D5EC200F651A1 /* ChooseExpenseForSavedAlloc.swift */; };
		9C9735942A0D795600F651A1 /* AllocationDetailView.swift in Sources */ = {isa = PBXBuildFile; fileRef = 9C9735932A0D795600F651A1 /* AllocationDetailView.swift */; };
		9C9735962A0D84D500F651A1 /* ExtendText.swift in Sources */ = {isa = PBXBuildFile; fileRef = 9C9735952A0D84D500F651A1 /* ExtendText.swift */; };
		9C9735982A0D9B9000F651A1 /* NetMoneyGraph.swift in Sources */ = {isa = PBXBuildFile; fileRef = 9C9735972A0D9B9000F651A1 /* NetMoneyGraph.swift */; };
		9CB418C22A0A0E07006F44AB /* TempTodayPayoff.swift in Sources */ = {isa = PBXBuildFile; fileRef = 9CB418C12A0A0E07006F44AB /* TempTodayPayoff.swift */; };
		9CB418C42A0B2C81006F44AB /* EditSavedItemView.swift in Sources */ = {isa = PBXBuildFile; fileRef = 9CB418C32A0B2C81006F44AB /* EditSavedItemView.swift */; };
		9CB418C62A0B616A006F44AB /* ExtendAlertToast.swift in Sources */ = {isa = PBXBuildFile; fileRef = 9CB418C52A0B616A006F44AB /* ExtendAlertToast.swift */; };
		9CC5BE632A09C08C006A2262 /* TodayPayoffGrid.swift in Sources */ = {isa = PBXBuildFile; fileRef = 9CC5BE622A09C08C006A2262 /* TodayPayoffGrid.swift */; };
		9CEA17692A05DF2800E8DFD7 /* ExtendDate.swift in Sources */ = {isa = PBXBuildFile; fileRef = 9CEA17682A05DF2800E8DFD7 /* ExtendDate.swift */; };
		9CED53422A077985002DC183 /* AllocateSavedToGoalView.swift in Sources */ = {isa = PBXBuildFile; fileRef = 9CED53412A077985002DC183 /* AllocateSavedToGoalView.swift */; };
		9CED53442A089C77002DC183 /* StatsViewChart.swift in Sources */ = {isa = PBXBuildFile; fileRef = 9CED53432A089C77002DC183 /* StatsViewChart.swift */; };
		9CED53462A08AA77002DC183 /* PurchasePage.swift in Sources */ = {isa = PBXBuildFile; fileRef = 9CED53452A08AA77002DC183 /* PurchasePage.swift */; };
		9CED53482A08ACC7002DC183 /* AllocSavedRow.swift in Sources */ = {isa = PBXBuildFile; fileRef = 9CED53472A08ACC7002DC183 /* AllocSavedRow.swift */; };
		9CED534A2A08ADCF002DC183 /* AllocShiftRow.swift in Sources */ = {isa = PBXBuildFile; fileRef = 9CED53492A08ADCF002DC183 /* AllocShiftRow.swift */; };
		9CED534C2A09BAD5002DC183 /* PayoffTodaySquare.swift in Sources */ = {isa = PBXBuildFile; fileRef = 9CED534B2A09BAD5002DC183 /* PayoffTodaySquare.swift */; };
		9CEEE32B29F9044F001FA4FB /* ExtendView.swift in Sources */ = {isa = PBXBuildFile; fileRef = 9CEEE32A29F9044F001FA4FB /* ExtendView.swift */; };
		9CEEE33129F904CC001FA4FB /* ExpenseListView.swift in Sources */ = {isa = PBXBuildFile; fileRef = 9CEEE33029F904CC001FA4FB /* ExpenseListView.swift */; };
		9CEEE33429F90651001FA4FB /* ExpenseDetailView.swift in Sources */ = {isa = PBXBuildFile; fileRef = 9CEEE33329F90651001FA4FB /* ExpenseDetailView.swift */; };
		9CEEE33629F90873001FA4FB /* CreateGoalView.swift in Sources */ = {isa = PBXBuildFile; fileRef = 9CEEE33529F90873001FA4FB /* CreateGoalView.swift */; };
		9CEEE33A29F908BE001FA4FB /* GoalListView.swift in Sources */ = {isa = PBXBuildFile; fileRef = 9CEEE33929F908BE001FA4FB /* GoalListView.swift */; };
		9CEEE33C29F908E8001FA4FB /* GoalDetailView.swift in Sources */ = {isa = PBXBuildFile; fileRef = 9CEEE33B29F908E8001FA4FB /* GoalDetailView.swift */; };
		9CEEE34029F909CC001FA4FB /* WageType.swift in Sources */ = {isa = PBXBuildFile; fileRef = 9CEEE33F29F909CC001FA4FB /* WageType.swift */; };
		9CEEE34329F90A7D001FA4FB /* CreateShiftView.swift in Sources */ = {isa = PBXBuildFile; fileRef = 9CEEE34229F90A7D001FA4FB /* CreateShiftView.swift */; };
		9CEEE34529F90ABA001FA4FB /* ShiftListView.swift in Sources */ = {isa = PBXBuildFile; fileRef = 9CEEE34429F90ABA001FA4FB /* ShiftListView.swift */; };
		9CEEE34729F90ADA001FA4FB /* ShiftDetailView.swift in Sources */ = {isa = PBXBuildFile; fileRef = 9CEEE34629F90ADA001FA4FB /* ShiftDetailView.swift */; };
		9CEEE34929F90BCF001FA4FB /* DayOfWeek.swift in Sources */ = {isa = PBXBuildFile; fileRef = 9CEEE34829F90BCF001FA4FB /* DayOfWeek.swift */; };
		9CEEE34D29F90DD4001FA4FB /* CreateSavedView.swift in Sources */ = {isa = PBXBuildFile; fileRef = 9CEEE34C29F90DD4001FA4FB /* CreateSavedView.swift */; };
		9CEEE34F29F90E09001FA4FB /* SavedListView.swift in Sources */ = {isa = PBXBuildFile; fileRef = 9CEEE34E29F90E09001FA4FB /* SavedListView.swift */; };
		9CEEE35129F90E37001FA4FB /* SavedDetailView.swift in Sources */ = {isa = PBXBuildFile; fileRef = 9CEEE35029F90E37001FA4FB /* SavedDetailView.swift */; };
		9CEEE35729F9E77F001FA4FB /* WageView.swift in Sources */ = {isa = PBXBuildFile; fileRef = 9CEEE35629F9E77F001FA4FB /* WageView.swift */; };
/* End PBXBuildFile section */

/* Begin PBXContainerItemProxy section */
		9C7F966E29F8F03E00F5035C /* PBXContainerItemProxy */ = {
			isa = PBXContainerItemProxy;
			containerPortal = 9C7F964F29F8F03C00F5035C /* Project object */;
			proxyType = 1;
			remoteGlobalIDString = 9C7F965629F8F03C00F5035C;
			remoteInfo = UltimateMoneyVisualizer;
		};
		9C7F967829F8F03E00F5035C /* PBXContainerItemProxy */ = {
			isa = PBXContainerItemProxy;
			containerPortal = 9C7F964F29F8F03C00F5035C /* Project object */;
			proxyType = 1;
			remoteGlobalIDString = 9C7F965629F8F03C00F5035C;
			remoteInfo = UltimateMoneyVisualizer;
		};
/* End PBXContainerItemProxy section */

/* Begin PBXFileReference section */
		9C0505712A0FF56C00FC6511 /* PayoffItemProgressBar.swift */ = {isa = PBXFileReference; lastKnownFileType = sourcecode.swift; path = PayoffItemProgressBar.swift; sourceTree = "<group>"; };
		9C3C58612A0C8BE200169A0F /* DateCircle.swift */ = {isa = PBXFileReference; lastKnownFileType = sourcecode.swift; path = DateCircle.swift; sourceTree = "<group>"; };
		9C3C58632A0C9ED500169A0F /* AddAllocationForExpenseView.swift */ = {isa = PBXFileReference; lastKnownFileType = sourcecode.swift; path = AddAllocationForExpenseView.swift; sourceTree = "<group>"; };
		9C3C58652A0CB89800169A0F /* AddAllocationForGoalView.swift */ = {isa = PBXFileReference; lastKnownFileType = sourcecode.swift; name = AddAllocationForGoalView.swift; path = "UltimateMoneyVisualizer/Views/Adding Items/Allocations/AddAllocationForGoalView.swift"; sourceTree = SOURCE_ROOT; };
		9C3C58672A0CBF5900169A0F /* AllItemsView.swift */ = {isa = PBXFileReference; lastKnownFileType = sourcecode.swift; path = AllItemsView.swift; sourceTree = "<group>"; };
		9C442A362A03792800D61C3E /* WageBreakdownBox.swift */ = {isa = PBXFileReference; lastKnownFileType = sourcecode.swift; path = WageBreakdownBox.swift; sourceTree = "<group>"; };
		9C442A382A03798C00D61C3E /* WageTests.swift */ = {isa = PBXFileReference; lastKnownFileType = sourcecode.swift; path = WageTests.swift; sourceTree = "<group>"; };
		9C460EDF2A038B9F0007EBA9 /* MultipleNewShiftsView.swift */ = {isa = PBXFileReference; lastKnownFileType = sourcecode.swift; path = MultipleNewShiftsView.swift; sourceTree = "<group>"; };
		9C460EE12A038D420007EBA9 /* ShiftCircle.swift */ = {isa = PBXFileReference; lastKnownFileType = sourcecode.swift; path = ShiftCircle.swift; sourceTree = "<group>"; };
		9C460EE32A038D880007EBA9 /* CircleBadgeView.swift */ = {isa = PBXFileReference; lastKnownFileType = sourcecode.swift; path = CircleBadgeView.swift; sourceTree = "<group>"; };
		9C460EE52A047D900007EBA9 /* AddNewItemFirstView.swift */ = {isa = PBXFileReference; lastKnownFileType = sourcecode.swift; path = AddNewItemFirstView.swift; sourceTree = "<group>"; };
		9C460EE82A049DFA0007EBA9 /* StatsView.swift */ = {isa = PBXFileReference; lastKnownFileType = sourcecode.swift; path = StatsView.swift; sourceTree = "<group>"; };
		9C460EEA2A04D3060007EBA9 /* UserFunctionsTests.swift */ = {isa = PBXFileReference; lastKnownFileType = sourcecode.swift; path = UserFunctionsTests.swift; sourceTree = "<group>"; };
		9C514DA929FF71B5003DC43C /* RectContainerModifier.swift */ = {isa = PBXFileReference; lastKnownFileType = sourcecode.swift; path = RectContainerModifier.swift; sourceTree = "<group>"; };
		9C514DAB29FF7359003DC43C /* HomePageSectionContainerModifier.swift */ = {isa = PBXFileReference; lastKnownFileType = sourcecode.swift; path = HomePageSectionContainerModifier.swift; sourceTree = "<group>"; };
		9C514DAD29FF79AE003DC43C /* SavedItemTests.swift */ = {isa = PBXFileReference; lastKnownFileType = sourcecode.swift; path = SavedItemTests.swift; sourceTree = "<group>"; };
		9C514DAF2A002266003DC43C /* ExtendPayoffQueue.swift */ = {isa = PBXFileReference; lastKnownFileType = sourcecode.swift; path = ExtendPayoffQueue.swift; sourceTree = "<group>"; };
		9C514DB22A0024E9003DC43C /* PayoffItem.swift */ = {isa = PBXFileReference; lastKnownFileType = sourcecode.swift; path = PayoffItem.swift; sourceTree = "<group>"; };
		9C514DB42A00A480003DC43C /* PayoffQueueView.swift */ = {isa = PBXFileReference; lastKnownFileType = sourcecode.swift; path = PayoffQueueView.swift; sourceTree = "<group>"; };
		9C65A75E2A00D28E00A5BCF1 /* GoalRow.swift */ = {isa = PBXFileReference; lastKnownFileType = sourcecode.swift; path = GoalRow.swift; sourceTree = "<group>"; };
		9C65A7602A00D4B900A5BCF1 /* ExpenseRow.swift */ = {isa = PBXFileReference; lastKnownFileType = sourcecode.swift; path = ExpenseRow.swift; sourceTree = "<group>"; };
		9C7C983929F9EC410077EA25 /* EnterWageView.swift */ = {isa = PBXFileReference; fileEncoding = 4; lastKnownFileType = sourcecode.swift; path = EnterWageView.swift; sourceTree = "<group>"; };
		9C7C983B29F9EDDF0077EA25 /* SelectRegularDaysView.swift */ = {isa = PBXFileReference; lastKnownFileType = sourcecode.swift; path = SelectRegularDaysView.swift; sourceTree = "<group>"; };
		9C7C983E29F9F68B0077EA25 /* RegularScheduleView.swift */ = {isa = PBXFileReference; lastKnownFileType = sourcecode.swift; path = RegularScheduleView.swift; sourceTree = "<group>"; };
		9C7C984029F9F7B20077EA25 /* AllSchedulesView.swift */ = {isa = PBXFileReference; lastKnownFileType = sourcecode.swift; path = AllSchedulesView.swift; sourceTree = "<group>"; };
		9C7C984429FA0DA80077EA25 /* SettingsView.swift */ = {isa = PBXFileReference; lastKnownFileType = sourcecode.swift; path = SettingsView.swift; sourceTree = "<group>"; };
		9C7C984629FA0E130077EA25 /* HomeView.swift */ = {isa = PBXFileReference; lastKnownFileType = sourcecode.swift; path = HomeView.swift; sourceTree = "<group>"; };
		9C7C984929FA5BFB0077EA25 /* ExtendTodayShift.swift */ = {isa = PBXFileReference; lastKnownFileType = sourcecode.swift; path = ExtendTodayShift.swift; sourceTree = "<group>"; };
		9C7C984B29FA5C1D0077EA25 /* ExtendWorkSchedule.swift */ = {isa = PBXFileReference; lastKnownFileType = sourcecode.swift; path = ExtendWorkSchedule.swift; sourceTree = "<group>"; };
		9C7C984D29FB35E10077EA25 /* AssignAllocationView.swift */ = {isa = PBXFileReference; lastKnownFileType = sourcecode.swift; path = AssignAllocationView.swift; sourceTree = "<group>"; };
		9C7C984F29FB606E0077EA25 /* ExtendUserDefaults.swift */ = {isa = PBXFileReference; lastKnownFileType = sourcecode.swift; path = ExtendUserDefaults.swift; sourceTree = "<group>"; };
		9C7C985129FB613E0077EA25 /* ExtendColor.swift */ = {isa = PBXFileReference; lastKnownFileType = sourcecode.swift; path = ExtendColor.swift; sourceTree = "<group>"; };
		9C7C985329FB6D500077EA25 /* AllocateShiftToExpense.swift */ = {isa = PBXFileReference; lastKnownFileType = sourcecode.swift; path = AllocateShiftToExpense.swift; sourceTree = "<group>"; };
		9C7C985729FB723D0077EA25 /* MoneyPicker.swift */ = {isa = PBXFileReference; lastKnownFileType = sourcecode.swift; path = MoneyPicker.swift; sourceTree = "<group>"; };
		9C7C985929FCA09C0077EA25 /* TodayView.swift */ = {isa = PBXFileReference; lastKnownFileType = sourcecode.swift; path = TodayView.swift; sourceTree = "<group>"; };
		9C7C985B29FCCF760077EA25 /* TodayShiftTests.swift */ = {isa = PBXFileReference; lastKnownFileType = sourcecode.swift; name = TodayShiftTests.swift; path = "UltimateMoneyVisualizer/Model/Core Data/Extensions/TodayShiftTests.swift"; sourceTree = SOURCE_ROOT; };
		9C7C985E29FCD5AB0077EA25 /* HorizontalDataDisplay.swift */ = {isa = PBXFileReference; lastKnownFileType = sourcecode.swift; path = HorizontalDataDisplay.swift; sourceTree = "<group>"; };
		9C7C986029FCE6A80077EA25 /* ProgressBar.swift */ = {isa = PBXFileReference; lastKnownFileType = sourcecode.swift; name = ProgressBar.swift; path = "UltimateMoneyVisualizer/-InProgress/ProgressBar.swift"; sourceTree = SOURCE_ROOT; };
		9C7C986229FCEB3E0077EA25 /* ProgressCircle.swift */ = {isa = PBXFileReference; lastKnownFileType = sourcecode.swift; path = ProgressCircle.swift; sourceTree = "<group>"; };
		9C7C986429FCF3B60077EA25 /* PieChart.swift */ = {isa = PBXFileReference; lastKnownFileType = sourcecode.swift; name = PieChart.swift; path = UltimateMoneyVisualizer/Views/Components/PieChart.swift; sourceTree = SOURCE_ROOT; };
		9C7C986629FD7A390077EA25 /* TodayLiveCompletedBanner.swift */ = {isa = PBXFileReference; lastKnownFileType = sourcecode.swift; path = TodayLiveCompletedBanner.swift; sourceTree = "<group>"; };
		9C7C986829FDA7880077EA25 /* ExtendTemporaryAllocation.swift */ = {isa = PBXFileReference; lastKnownFileType = sourcecode.swift; path = ExtendTemporaryAllocation.swift; sourceTree = "<group>"; };
		9C7C986A29FDACD40077EA25 /* ExpenseTests.swift */ = {isa = PBXFileReference; lastKnownFileType = sourcecode.swift; path = ExpenseTests.swift; sourceTree = "<group>"; };
		9C7C986C29FDF1EA0077EA25 /* ConfirmTodayShiftView.swift */ = {isa = PBXFileReference; lastKnownFileType = sourcecode.swift; path = ConfirmTodayShiftView.swift; sourceTree = "<group>"; };
		9C7C986E29FE30290077EA25 /* SystemImageWithFilledBackground.swift */ = {isa = PBXFileReference; lastKnownFileType = sourcecode.swift; path = SystemImageWithFilledBackground.swift; sourceTree = "<group>"; };
		9C7F965729F8F03C00F5035C /* UltimateMoneyVisualizer.app */ = {isa = PBXFileReference; explicitFileType = wrapper.application; includeInIndex = 0; path = UltimateMoneyVisualizer.app; sourceTree = BUILT_PRODUCTS_DIR; };
		9C7F965A29F8F03C00F5035C /* UltimateMoneyVisualizerApp.swift */ = {isa = PBXFileReference; lastKnownFileType = sourcecode.swift; path = UltimateMoneyVisualizerApp.swift; sourceTree = "<group>"; };
		9C7F965C29F8F03C00F5035C /* ContentView.swift */ = {isa = PBXFileReference; lastKnownFileType = sourcecode.swift; path = ContentView.swift; sourceTree = "<group>"; };
		9C7F965E29F8F03E00F5035C /* Assets.xcassets */ = {isa = PBXFileReference; lastKnownFileType = folder.assetcatalog; path = Assets.xcassets; sourceTree = "<group>"; };
		9C7F966129F8F03E00F5035C /* Preview Assets.xcassets */ = {isa = PBXFileReference; lastKnownFileType = folder.assetcatalog; path = "Preview Assets.xcassets"; sourceTree = "<group>"; };
		9C7F966329F8F03E00F5035C /* Persistence.swift */ = {isa = PBXFileReference; lastKnownFileType = sourcecode.swift; path = Persistence.swift; sourceTree = "<group>"; };
		9C7F966629F8F03E00F5035C /* UltimateMoneyVisualizer.xcdatamodel */ = {isa = PBXFileReference; lastKnownFileType = wrapper.xcdatamodel; path = UltimateMoneyVisualizer.xcdatamodel; sourceTree = "<group>"; };
		9C7F966829F8F03E00F5035C /* Info.plist */ = {isa = PBXFileReference; lastKnownFileType = text.plist.xml; path = Info.plist; sourceTree = "<group>"; };
		9C7F966D29F8F03E00F5035C /* UltimateMoneyVisualizerTests.xctest */ = {isa = PBXFileReference; explicitFileType = wrapper.cfbundle; includeInIndex = 0; path = UltimateMoneyVisualizerTests.xctest; sourceTree = BUILT_PRODUCTS_DIR; };
		9C7F967129F8F03E00F5035C /* UltimateMoneyVisualizerTests.swift */ = {isa = PBXFileReference; lastKnownFileType = sourcecode.swift; path = UltimateMoneyVisualizerTests.swift; sourceTree = "<group>"; };
		9C7F967729F8F03E00F5035C /* UltimateMoneyVisualizerUITests.xctest */ = {isa = PBXFileReference; explicitFileType = wrapper.cfbundle; includeInIndex = 0; path = UltimateMoneyVisualizerUITests.xctest; sourceTree = BUILT_PRODUCTS_DIR; };
		9C7F967B29F8F03E00F5035C /* UltimateMoneyVisualizerUITests.swift */ = {isa = PBXFileReference; lastKnownFileType = sourcecode.swift; path = UltimateMoneyVisualizerUITests.swift; sourceTree = "<group>"; };
		9C7F967D29F8F03E00F5035C /* UltimateMoneyVisualizerUITestsLaunchTests.swift */ = {isa = PBXFileReference; lastKnownFileType = sourcecode.swift; path = UltimateMoneyVisualizerUITestsLaunchTests.swift; sourceTree = "<group>"; };
		9C7F968C29F8FD2D00F5035C /* ExtendExpense.swift */ = {isa = PBXFileReference; lastKnownFileType = sourcecode.swift; path = ExtendExpense.swift; sourceTree = "<group>"; };
		9C7F969229F8FE3500F5035C /* ExtendShift.swift */ = {isa = PBXFileReference; fileEncoding = 4; lastKnownFileType = sourcecode.swift; path = ExtendShift.swift; sourceTree = "<group>"; };
		9C7F969329F8FE3500F5035C /* ExtendWage.swift */ = {isa = PBXFileReference; fileEncoding = 4; lastKnownFileType = sourcecode.swift; path = ExtendWage.swift; sourceTree = "<group>"; };
		9C7F969429F8FE3500F5035C /* ExtendGoal.swift */ = {isa = PBXFileReference; fileEncoding = 4; lastKnownFileType = sourcecode.swift; path = ExtendGoal.swift; sourceTree = "<group>"; };
		9C7F969529F8FE3500F5035C /* ExtendSettings.swift */ = {isa = PBXFileReference; fileEncoding = 4; lastKnownFileType = sourcecode.swift; path = ExtendSettings.swift; sourceTree = "<group>"; };
		9C7F969629F8FE3500F5035C /* ExtendUser.swift */ = {isa = PBXFileReference; fileEncoding = 4; lastKnownFileType = sourcecode.swift; path = ExtendUser.swift; sourceTree = "<group>"; };
		9C7F969729F8FE3500F5035C /* ExtendAllocation.swift */ = {isa = PBXFileReference; fileEncoding = 4; lastKnownFileType = sourcecode.swift; path = ExtendAllocation.swift; sourceTree = "<group>"; };
		9C7F969829F8FE3500F5035C /* ExtendSaved.swift */ = {isa = PBXFileReference; fileEncoding = 4; lastKnownFileType = sourcecode.swift; path = ExtendSaved.swift; sourceTree = "<group>"; };
		9C7F96A529F8FF0100F5035C /* CreateExpenseView.swift */ = {isa = PBXFileReference; lastKnownFileType = sourcecode.swift; path = CreateExpenseView.swift; sourceTree = "<group>"; };
		9C97358B2A0D5EB800F651A1 /* ChooseGoalForSavedAlloc.swift */ = {isa = PBXFileReference; lastKnownFileType = sourcecode.swift; path = ChooseGoalForSavedAlloc.swift; sourceTree = "<group>"; };
		9C97358D2A0D5EC200F651A1 /* ChooseExpenseForSavedAlloc.swift */ = {isa = PBXFileReference; lastKnownFileType = sourcecode.swift; path = ChooseExpenseForSavedAlloc.swift; sourceTree = "<group>"; };
		9C9735932A0D795600F651A1 /* AllocationDetailView.swift */ = {isa = PBXFileReference; lastKnownFileType = sourcecode.swift; name = AllocationDetailView.swift; path = "UltimateMoneyVisualizer/Views/Viewing Items/Allocations/AllocationDetailView.swift"; sourceTree = SOURCE_ROOT; };
		9C9735952A0D84D500F651A1 /* ExtendText.swift */ = {isa = PBXFileReference; lastKnownFileType = sourcecode.swift; path = ExtendText.swift; sourceTree = "<group>"; };
		9C9735972A0D9B9000F651A1 /* NetMoneyGraph.swift */ = {isa = PBXFileReference; lastKnownFileType = sourcecode.swift; path = NetMoneyGraph.swift; sourceTree = "<group>"; };
		9CB418C12A0A0E07006F44AB /* TempTodayPayoff.swift */ = {isa = PBXFileReference; lastKnownFileType = sourcecode.swift; path = TempTodayPayoff.swift; sourceTree = "<group>"; };
		9CB418C32A0B2C81006F44AB /* EditSavedItemView.swift */ = {isa = PBXFileReference; lastKnownFileType = sourcecode.swift; path = EditSavedItemView.swift; sourceTree = "<group>"; };
		9CB418C52A0B616A006F44AB /* ExtendAlertToast.swift */ = {isa = PBXFileReference; lastKnownFileType = sourcecode.swift; path = ExtendAlertToast.swift; sourceTree = "<group>"; };
		9CC5BE622A09C08C006A2262 /* TodayPayoffGrid.swift */ = {isa = PBXFileReference; lastKnownFileType = sourcecode.swift; path = TodayPayoffGrid.swift; sourceTree = SOURCE_ROOT; };
		9CEA17682A05DF2800E8DFD7 /* ExtendDate.swift */ = {isa = PBXFileReference; lastKnownFileType = sourcecode.swift; path = ExtendDate.swift; sourceTree = "<group>"; };
		9CED53412A077985002DC183 /* AllocateSavedToGoalView.swift */ = {isa = PBXFileReference; lastKnownFileType = sourcecode.swift; name = AllocateSavedToGoalView.swift; path = "UltimateMoneyVisualizer/Views/Adding Items/Allocations/AllocateSavedToGoalView.swift"; sourceTree = SOURCE_ROOT; };
		9CED53432A089C77002DC183 /* StatsViewChart.swift */ = {isa = PBXFileReference; lastKnownFileType = sourcecode.swift; path = StatsViewChart.swift; sourceTree = "<group>"; };
		9CED53452A08AA77002DC183 /* PurchasePage.swift */ = {isa = PBXFileReference; lastKnownFileType = sourcecode.swift; path = PurchasePage.swift; sourceTree = "<group>"; };
		9CED53472A08ACC7002DC183 /* AllocSavedRow.swift */ = {isa = PBXFileReference; lastKnownFileType = sourcecode.swift; path = AllocSavedRow.swift; sourceTree = SOURCE_ROOT; };
		9CED53492A08ADCF002DC183 /* AllocShiftRow.swift */ = {isa = PBXFileReference; lastKnownFileType = sourcecode.swift; path = AllocShiftRow.swift; sourceTree = SOURCE_ROOT; };
		9CED534B2A09BAD5002DC183 /* PayoffTodaySquare.swift */ = {isa = PBXFileReference; lastKnownFileType = sourcecode.swift; path = PayoffTodaySquare.swift; sourceTree = "<group>"; };
		9CEEE32A29F9044F001FA4FB /* ExtendView.swift */ = {isa = PBXFileReference; lastKnownFileType = sourcecode.swift; path = ExtendView.swift; sourceTree = "<group>"; };
		9CEEE33029F904CC001FA4FB /* ExpenseListView.swift */ = {isa = PBXFileReference; lastKnownFileType = sourcecode.swift; path = ExpenseListView.swift; sourceTree = "<group>"; };
		9CEEE33329F90651001FA4FB /* ExpenseDetailView.swift */ = {isa = PBXFileReference; lastKnownFileType = sourcecode.swift; path = ExpenseDetailView.swift; sourceTree = "<group>"; };
		9CEEE33529F90873001FA4FB /* CreateGoalView.swift */ = {isa = PBXFileReference; lastKnownFileType = sourcecode.swift; path = CreateGoalView.swift; sourceTree = "<group>"; };
		9CEEE33929F908BE001FA4FB /* GoalListView.swift */ = {isa = PBXFileReference; lastKnownFileType = sourcecode.swift; path = GoalListView.swift; sourceTree = "<group>"; };
		9CEEE33B29F908E8001FA4FB /* GoalDetailView.swift */ = {isa = PBXFileReference; lastKnownFileType = sourcecode.swift; path = GoalDetailView.swift; sourceTree = "<group>"; };
		9CEEE33F29F909CC001FA4FB /* WageType.swift */ = {isa = PBXFileReference; lastKnownFileType = sourcecode.swift; path = WageType.swift; sourceTree = "<group>"; };
		9CEEE34229F90A7D001FA4FB /* CreateShiftView.swift */ = {isa = PBXFileReference; lastKnownFileType = sourcecode.swift; path = CreateShiftView.swift; sourceTree = "<group>"; };
		9CEEE34429F90ABA001FA4FB /* ShiftListView.swift */ = {isa = PBXFileReference; lastKnownFileType = sourcecode.swift; path = ShiftListView.swift; sourceTree = "<group>"; };
		9CEEE34629F90ADA001FA4FB /* ShiftDetailView.swift */ = {isa = PBXFileReference; lastKnownFileType = sourcecode.swift; path = ShiftDetailView.swift; sourceTree = "<group>"; };
		9CEEE34829F90BCF001FA4FB /* DayOfWeek.swift */ = {isa = PBXFileReference; lastKnownFileType = sourcecode.swift; path = DayOfWeek.swift; sourceTree = "<group>"; };
		9CEEE34C29F90DD4001FA4FB /* CreateSavedView.swift */ = {isa = PBXFileReference; lastKnownFileType = sourcecode.swift; path = CreateSavedView.swift; sourceTree = "<group>"; };
		9CEEE34E29F90E09001FA4FB /* SavedListView.swift */ = {isa = PBXFileReference; lastKnownFileType = sourcecode.swift; path = SavedListView.swift; sourceTree = "<group>"; };
		9CEEE35029F90E37001FA4FB /* SavedDetailView.swift */ = {isa = PBXFileReference; lastKnownFileType = sourcecode.swift; path = SavedDetailView.swift; sourceTree = "<group>"; };
		9CEEE35629F9E77F001FA4FB /* WageView.swift */ = {isa = PBXFileReference; lastKnownFileType = sourcecode.swift; path = WageView.swift; sourceTree = "<group>"; };
/* End PBXFileReference section */

/* Begin PBXFrameworksBuildPhase section */
		9C7F965429F8F03C00F5035C /* Frameworks */ = {
			isa = PBXFrameworksBuildPhase;
			buildActionMask = 2147483647;
			files = (
				9C7F96A229F8FE6700F5035C /* Vin in Frameworks */,
				9C7F96A929F9004000F5035C /* AlertToast in Frameworks */,
			);
			runOnlyForDeploymentPostprocessing = 0;
		};
		9C7F966A29F8F03E00F5035C /* Frameworks */ = {
			isa = PBXFrameworksBuildPhase;
			buildActionMask = 2147483647;
			files = (
			);
			runOnlyForDeploymentPostprocessing = 0;
		};
		9C7F967429F8F03E00F5035C /* Frameworks */ = {
			isa = PBXFrameworksBuildPhase;
			buildActionMask = 2147483647;
			files = (
			);
			runOnlyForDeploymentPostprocessing = 0;
		};
/* End PBXFrameworksBuildPhase section */

/* Begin PBXGroup section */
		9C0505942A1085C500FC6511 /* Allocations */ = {
			isa = PBXGroup;
			children = (
				9C9735932A0D795600F651A1 /* AllocationDetailView.swift */,
			);
			path = Allocations;
			sourceTree = "<group>";
		};
		9C460EE72A049DC30007EBA9 /* New Money Items */ = {
			isa = PBXGroup;
			children = (
				9C460EE52A047D900007EBA9 /* AddNewItemFirstView.swift */,
			);
			path = "New Money Items";
			sourceTree = "<group>";
		};
		9C514DB12A0024D6003DC43C /* Protocols */ = {
			isa = PBXGroup;
			children = (
				9C514DB22A0024E9003DC43C /* PayoffItem.swift */,
			);
			path = Protocols;
			sourceTree = "<group>";
		};
		9C65A7642A00DA7400A5BCF1 /* Payoff Queue */ = {
			isa = PBXGroup;
			children = (
				9C514DB42A00A480003DC43C /* PayoffQueueView.swift */,
			);
			path = "Payoff Queue";
			sourceTree = "<group>";
		};
		9C65A7652A00DA9500A5BCF1 /* Home */ = {
			isa = PBXGroup;
			children = (
				9C7C984629FA0E130077EA25 /* HomeView.swift */,
			);
			path = Home;
			sourceTree = "<group>";
		};
		9C65A7662A00DAB200A5BCF1 /* New Group */ = {
			isa = PBXGroup;
			children = (
			);
			path = "New Group";
			sourceTree = "<group>";
		};
		9C65A7672A00DABA00A5BCF1 /* Allocations */ = {
			isa = PBXGroup;
			children = (
				9CED53412A077985002DC183 /* AllocateSavedToGoalView.swift */,
				9C97358D2A0D5EC200F651A1 /* ChooseExpenseForSavedAlloc.swift */,
				9C97358B2A0D5EB800F651A1 /* ChooseGoalForSavedAlloc.swift */,
				9C3C58632A0C9ED500169A0F /* AddAllocationForExpenseView.swift */,
				9C3C58652A0CB89800169A0F /* AddAllocationForGoalView.swift */,
				9C7C984D29FB35E10077EA25 /* AssignAllocationView.swift */,
				9C7C985329FB6D500077EA25 /* AllocateShiftToExpense.swift */,
			);
			path = Allocations;
			sourceTree = "<group>";
		};
		9C65A7682A00DAC700A5BCF1 /* Today */ = {
			isa = PBXGroup;
			children = (
				9C7C986C29FDF1EA0077EA25 /* ConfirmTodayShiftView.swift */,
				9C7C985929FCA09C0077EA25 /* TodayView.swift */,
			);
			path = Today;
			sourceTree = "<group>";
		};
		9C7C984229FA0D7F0077EA25 /* Schedule */ = {
			isa = PBXGroup;
			children = (
				9C7C983E29F9F68B0077EA25 /* RegularScheduleView.swift */,
			);
			path = Schedule;
			sourceTree = "<group>";
		};
		9C7C984329FA0D840077EA25 /* Schedule */ = {
			isa = PBXGroup;
			children = (
				9C7C983B29F9EDDF0077EA25 /* SelectRegularDaysView.swift */,
				9C7C984029F9F7B20077EA25 /* AllSchedulesView.swift */,
			);
			path = Schedule;
			sourceTree = "<group>";
		};
		9C7C984829FA44CF0077EA25 /* Settings */ = {
			isa = PBXGroup;
			children = (
				9C7C984429FA0DA80077EA25 /* SettingsView.swift */,
			);
			path = Settings;
			sourceTree = "<group>";
		};
		9C7C985529FB722D0077EA25 /* Components */ = {
			isa = PBXGroup;
			children = (
				9CC5BE622A09C08C006A2262 /* TodayPayoffGrid.swift */,
				9C0505712A0FF56C00FC6511 /* PayoffItemProgressBar.swift */,
				9CED53492A08ADCF002DC183 /* AllocShiftRow.swift */,
				9CED53472A08ACC7002DC183 /* AllocSavedRow.swift */,
				9CED534B2A09BAD5002DC183 /* PayoffTodaySquare.swift */,
				9C9735972A0D9B9000F651A1 /* NetMoneyGraph.swift */,
			);
			path = Components;
			sourceTree = "<group>";
		};
		9C7C985629FB72320077EA25 /* Components */ = {
			isa = PBXGroup;
			children = (
				9CED53432A089C77002DC183 /* StatsViewChart.swift */,
				9C3C58612A0C8BE200169A0F /* DateCircle.swift */,
				9C460EE12A038D420007EBA9 /* ShiftCircle.swift */,
				9C460EE32A038D880007EBA9 /* CircleBadgeView.swift */,
				9C442A362A03792800D61C3E /* WageBreakdownBox.swift */,
				9C65A7602A00D4B900A5BCF1 /* ExpenseRow.swift */,
				9C514DA929FF71B5003DC43C /* RectContainerModifier.swift */,
				9C514DAB29FF7359003DC43C /* HomePageSectionContainerModifier.swift */,
				9C65A75E2A00D28E00A5BCF1 /* GoalRow.swift */,
				9C7C986429FCF3B60077EA25 /* PieChart.swift */,
				9C7C985729FB723D0077EA25 /* MoneyPicker.swift */,
				9C7C986629FD7A390077EA25 /* TodayLiveCompletedBanner.swift */,
				9C7C986029FCE6A80077EA25 /* ProgressBar.swift */,
				9C7C985E29FCD5AB0077EA25 /* HorizontalDataDisplay.swift */,
				9C7C986229FCEB3E0077EA25 /* ProgressCircle.swift */,
				9C7C986E29FE30290077EA25 /* SystemImageWithFilledBackground.swift */,
			);
			path = Components;
			sourceTree = "<group>";
		};
		9C7F964E29F8F03C00F5035C = {
			isa = PBXGroup;
			children = (
				9C7F965929F8F03C00F5035C /* UltimateMoneyVisualizer */,
				9C7F965829F8F03C00F5035C /* Products */,
				9C7F967029F8F03E00F5035C /* UltimateMoneyVisualizerTests */,
				9C7F967A29F8F03E00F5035C /* UltimateMoneyVisualizerUITests */,
			);
			sourceTree = "<group>";
		};
		9C7F965829F8F03C00F5035C /* Products */ = {
			isa = PBXGroup;
			children = (
				9C7F965729F8F03C00F5035C /* UltimateMoneyVisualizer.app */,
				9C7F966D29F8F03E00F5035C /* UltimateMoneyVisualizerTests.xctest */,
				9C7F967729F8F03E00F5035C /* UltimateMoneyVisualizerUITests.xctest */,
			);
			name = Products;
			sourceTree = "<group>";
		};
		9C7F965929F8F03C00F5035C /* UltimateMoneyVisualizer */ = {
			isa = PBXGroup;
			children = (
				9C7F966829F8F03E00F5035C /* Info.plist */,
				9C7F965E29F8F03E00F5035C /* Assets.xcassets */,
				9C7F96A429F8FEEB00F5035C /* -InProgress */,
				9C7F96A329F8FEB000F5035C /* -TopLevel */,
				9CEEE32929F90432001FA4FB /* LocalExtensions */,
				9CEEE33D29F9099D001FA4FB /* Model */,
				9C7F966029F8F03E00F5035C /* Preview Content */,
				9CEEE32C29F904A0001FA4FB /* Views */,
			);
			path = UltimateMoneyVisualizer;
			sourceTree = "<group>";
		};
		9C7F966029F8F03E00F5035C /* Preview Content */ = {
			isa = PBXGroup;
			children = (
				9C7F966129F8F03E00F5035C /* Preview Assets.xcassets */,
			);
			path = "Preview Content";
			sourceTree = "<group>";
		};
		9C7F967029F8F03E00F5035C /* UltimateMoneyVisualizerTests */ = {
			isa = PBXGroup;
			children = (
				9C7C985B29FCCF760077EA25 /* TodayShiftTests.swift */,
				9C7C986A29FDACD40077EA25 /* ExpenseTests.swift */,
				9C7F967129F8F03E00F5035C /* UltimateMoneyVisualizerTests.swift */,
				9C514DAD29FF79AE003DC43C /* SavedItemTests.swift */,
				9C442A382A03798C00D61C3E /* WageTests.swift */,
				9C460EEA2A04D3060007EBA9 /* UserFunctionsTests.swift */,
			);
			path = UltimateMoneyVisualizerTests;
			sourceTree = "<group>";
		};
		9C7F967A29F8F03E00F5035C /* UltimateMoneyVisualizerUITests */ = {
			isa = PBXGroup;
			children = (
				9C7F967B29F8F03E00F5035C /* UltimateMoneyVisualizerUITests.swift */,
				9C7F967D29F8F03E00F5035C /* UltimateMoneyVisualizerUITestsLaunchTests.swift */,
			);
			path = UltimateMoneyVisualizerUITests;
			sourceTree = "<group>";
		};
		9C7F968A29F8FD0300F5035C /* Core Data */ = {
			isa = PBXGroup;
			children = (
				9C7F968F29F8FD5A00F5035C /* PersistenceController */,
				9C7F968E29F8FD5400F5035C /* Model */,
				9C7F968B29F8FD1700F5035C /* Extensions */,
			);
			path = "Core Data";
			sourceTree = "<group>";
		};
		9C7F968B29F8FD1700F5035C /* Extensions */ = {
			isa = PBXGroup;
			children = (
				9C7F969729F8FE3500F5035C /* ExtendAllocation.swift */,
				9C514DAF2A002266003DC43C /* ExtendPayoffQueue.swift */,
				9C7C986829FDA7880077EA25 /* ExtendTemporaryAllocation.swift */,
				9C7F968C29F8FD2D00F5035C /* ExtendExpense.swift */,
				9C7F969429F8FE3500F5035C /* ExtendGoal.swift */,
				9C7F969829F8FE3500F5035C /* ExtendSaved.swift */,
				9C7F969529F8FE3500F5035C /* ExtendSettings.swift */,
				9C7F969229F8FE3500F5035C /* ExtendShift.swift */,
				9C7C984929FA5BFB0077EA25 /* ExtendTodayShift.swift */,
				9C7F969629F8FE3500F5035C /* ExtendUser.swift */,
				9C7F969329F8FE3500F5035C /* ExtendWage.swift */,
				9C7C984B29FA5C1D0077EA25 /* ExtendWorkSchedule.swift */,
			);
			path = Extensions;
			sourceTree = "<group>";
		};
		9C7F968E29F8FD5400F5035C /* Model */ = {
			isa = PBXGroup;
			children = (
				9C7F966529F8F03E00F5035C /* UltimateMoneyVisualizer.xcdatamodeld */,
			);
			path = Model;
			sourceTree = "<group>";
		};
		9C7F968F29F8FD5A00F5035C /* PersistenceController */ = {
			isa = PBXGroup;
			children = (
				9C7F966329F8F03E00F5035C /* Persistence.swift */,
			);
			path = PersistenceController;
			sourceTree = "<group>";
		};
		9C7F96A329F8FEB000F5035C /* -TopLevel */ = {
			isa = PBXGroup;
			children = (
				9C7F965C29F8F03C00F5035C /* ContentView.swift */,
				9C7F965A29F8F03C00F5035C /* UltimateMoneyVisualizerApp.swift */,
			);
			path = "-TopLevel";
			sourceTree = "<group>";
		};
		9C7F96A429F8FEEB00F5035C /* -InProgress */ = {
			isa = PBXGroup;
			children = (
				9C7C985529FB722D0077EA25 /* Components */,
				9C97358F2A0D789000F651A1 /* Incomplete */,
			);
			path = "-InProgress";
			sourceTree = "<group>";
		};
		9C97358F2A0D789000F651A1 /* Incomplete */ = {
			isa = PBXGroup;
			children = (
				9CB418C12A0A0E07006F44AB /* TempTodayPayoff.swift */,
			);
			path = Incomplete;
			sourceTree = "<group>";
		};
		9C9735902A0D78BC00F651A1 /* All Items */ = {
			isa = PBXGroup;
			children = (
				9C3C58672A0CBF5900169A0F /* AllItemsView.swift */,
			);
			path = "All Items";
			sourceTree = "<group>";
		};
		9C9735912A0D78F700F651A1 /* Stats */ = {
			isa = PBXGroup;
			children = (
				9C460EE82A049DFA0007EBA9 /* StatsView.swift */,
			);
			path = Stats;
			sourceTree = "<group>";
		};
		9C9735922A0D790000F651A1 /* Store */ = {
			isa = PBXGroup;
			children = (
				9CED53452A08AA77002DC183 /* PurchasePage.swift */,
			);
			path = Store;
			sourceTree = "<group>";
		};
		9CEEE32929F90432001FA4FB /* LocalExtensions */ = {
			isa = PBXGroup;
			children = (
				9CEEE32A29F9044F001FA4FB /* ExtendView.swift */,
				9C7C984F29FB606E0077EA25 /* ExtendUserDefaults.swift */,
				9C7C985129FB613E0077EA25 /* ExtendColor.swift */,
				9CEA17682A05DF2800E8DFD7 /* ExtendDate.swift */,
				9CB418C52A0B616A006F44AB /* ExtendAlertToast.swift */,
				9C9735952A0D84D500F651A1 /* ExtendText.swift */,
			);
			path = LocalExtensions;
			sourceTree = "<group>";
		};
		9CEEE32C29F904A0001FA4FB /* Views */ = {
			isa = PBXGroup;
			children = (
				9C7C985629FB72320077EA25 /* Components */,
				9CEEE32F29F904BB001FA4FB /* Viewing Items */,
				9CEEE32D29F904A3001FA4FB /* Adding Items */,
			);
			path = Views;
			sourceTree = "<group>";
		};
		9CEEE32D29F904A3001FA4FB /* Adding Items */ = {
			isa = PBXGroup;
			children = (
				9C460EE72A049DC30007EBA9 /* New Money Items */,
				9C65A7672A00DABA00A5BCF1 /* Allocations */,
				9C7C984329FA0D840077EA25 /* Schedule */,
				9CEEE35929F9EBD5001FA4FB /* Wage */,
				9CEEE35329F9E051001FA4FB /* Saved */,
				9CEEE34B29F90D81001FA4FB /* Shifts */,
				9CEEE34129F90A50001FA4FB /* Goals */,
				9CEEE32E29F904A8001FA4FB /* Expenses */,
			);
			path = "Adding Items";
			sourceTree = "<group>";
		};
		9CEEE32E29F904A8001FA4FB /* Expenses */ = {
			isa = PBXGroup;
			children = (
				9C7F96A529F8FF0100F5035C /* CreateExpenseView.swift */,
			);
			path = Expenses;
			sourceTree = "<group>";
		};
		9CEEE32F29F904BB001FA4FB /* Viewing Items */ = {
			isa = PBXGroup;
			children = (
				9C0505942A1085C500FC6511 /* Allocations */,
				9C9735922A0D790000F651A1 /* Store */,
				9C9735912A0D78F700F651A1 /* Stats */,
				9C9735902A0D78BC00F651A1 /* All Items */,
				9CEEE33729F90890001FA4FB /* Expenses */,
				9CEEE33829F90897001FA4FB /* Goals */,
				9C65A7652A00DA9500A5BCF1 /* Home */,
				9C65A7662A00DAB200A5BCF1 /* New Group */,
				9C65A7642A00DA7400A5BCF1 /* Payoff Queue */,
				9CEEE35229F9E04E001FA4FB /* Saved */,
				9C7C984229FA0D7F0077EA25 /* Schedule */,
				9C7C984829FA44CF0077EA25 /* Settings */,
				9CEEE34A29F90D74001FA4FB /* Shifts */,
				9C65A7682A00DAC700A5BCF1 /* Today */,
				9CEEE35829F9EBCC001FA4FB /* Wage */,
			);
			path = "Viewing Items";
			sourceTree = "<group>";
		};
		9CEEE33729F90890001FA4FB /* Expenses */ = {
			isa = PBXGroup;
			children = (
				9CEEE33029F904CC001FA4FB /* ExpenseListView.swift */,
				9CEEE33329F90651001FA4FB /* ExpenseDetailView.swift */,
			);
			path = Expenses;
			sourceTree = "<group>";
		};
		9CEEE33829F90897001FA4FB /* Goals */ = {
			isa = PBXGroup;
			children = (
				9CEEE33929F908BE001FA4FB /* GoalListView.swift */,
				9CEEE33B29F908E8001FA4FB /* GoalDetailView.swift */,
			);
			path = Goals;
			sourceTree = "<group>";
		};
		9CEEE33D29F9099D001FA4FB /* Model */ = {
			isa = PBXGroup;
			children = (
				9C514DB12A0024D6003DC43C /* Protocols */,
				9CEEE33E29F909C2001FA4FB /* Enums */,
				9C7F968A29F8FD0300F5035C /* Core Data */,
			);
			path = Model;
			sourceTree = "<group>";
		};
		9CEEE33E29F909C2001FA4FB /* Enums */ = {
			isa = PBXGroup;
			children = (
				9CEEE33F29F909CC001FA4FB /* WageType.swift */,
				9CEEE34829F90BCF001FA4FB /* DayOfWeek.swift */,
			);
			path = Enums;
			sourceTree = "<group>";
		};
		9CEEE34129F90A50001FA4FB /* Goals */ = {
			isa = PBXGroup;
			children = (
				9CEEE33529F90873001FA4FB /* CreateGoalView.swift */,
			);
			path = Goals;
			sourceTree = "<group>";
		};
		9CEEE34A29F90D74001FA4FB /* Shifts */ = {
			isa = PBXGroup;
			children = (
				9CEEE34429F90ABA001FA4FB /* ShiftListView.swift */,
				9CEEE34629F90ADA001FA4FB /* ShiftDetailView.swift */,
			);
			path = Shifts;
			sourceTree = "<group>";
		};
		9CEEE34B29F90D81001FA4FB /* Shifts */ = {
			isa = PBXGroup;
			children = (
				9C460EDF2A038B9F0007EBA9 /* MultipleNewShiftsView.swift */,
				9CEEE34229F90A7D001FA4FB /* CreateShiftView.swift */,
			);
			path = Shifts;
			sourceTree = "<group>";
		};
		9CEEE35229F9E04E001FA4FB /* Saved */ = {
			isa = PBXGroup;
			children = (
				9CEEE34E29F90E09001FA4FB /* SavedListView.swift */,
				9CEEE35029F90E37001FA4FB /* SavedDetailView.swift */,
			);
			path = Saved;
			sourceTree = "<group>";
		};
		9CEEE35329F9E051001FA4FB /* Saved */ = {
			isa = PBXGroup;
			children = (
				9CB418C32A0B2C81006F44AB /* EditSavedItemView.swift */,
				9CEEE34C29F90DD4001FA4FB /* CreateSavedView.swift */,
			);
			path = Saved;
			sourceTree = "<group>";
		};
		9CEEE35829F9EBCC001FA4FB /* Wage */ = {
			isa = PBXGroup;
			children = (
				9CEEE35629F9E77F001FA4FB /* WageView.swift */,
			);
			path = Wage;
			sourceTree = "<group>";
		};
		9CEEE35929F9EBD5001FA4FB /* Wage */ = {
			isa = PBXGroup;
			children = (
				9C7C983929F9EC410077EA25 /* EnterWageView.swift */,
			);
			path = Wage;
			sourceTree = "<group>";
		};
/* End PBXGroup section */

/* Begin PBXNativeTarget section */
		9C7F965629F8F03C00F5035C /* UltimateMoneyVisualizer */ = {
			isa = PBXNativeTarget;
			buildConfigurationList = 9C7F968129F8F03E00F5035C /* Build configuration list for PBXNativeTarget "UltimateMoneyVisualizer" */;
			buildPhases = (
				9C7F965329F8F03C00F5035C /* Sources */,
				9C7F965429F8F03C00F5035C /* Frameworks */,
				9C7F965529F8F03C00F5035C /* Resources */,
			);
			buildRules = (
			);
			dependencies = (
			);
			name = UltimateMoneyVisualizer;
			packageProductDependencies = (
				9C7F96A129F8FE6700F5035C /* Vin */,
				9C7F96A829F9004000F5035C /* AlertToast */,
			);
			productName = UltimateMoneyVisualizer;
			productReference = 9C7F965729F8F03C00F5035C /* UltimateMoneyVisualizer.app */;
			productType = "com.apple.product-type.application";
		};
		9C7F966C29F8F03E00F5035C /* UltimateMoneyVisualizerTests */ = {
			isa = PBXNativeTarget;
			buildConfigurationList = 9C7F968429F8F03E00F5035C /* Build configuration list for PBXNativeTarget "UltimateMoneyVisualizerTests" */;
			buildPhases = (
				9C7F966929F8F03E00F5035C /* Sources */,
				9C7F966A29F8F03E00F5035C /* Frameworks */,
				9C7F966B29F8F03E00F5035C /* Resources */,
			);
			buildRules = (
			);
			dependencies = (
				9C7F966F29F8F03E00F5035C /* PBXTargetDependency */,
			);
			name = UltimateMoneyVisualizerTests;
			productName = UltimateMoneyVisualizerTests;
			productReference = 9C7F966D29F8F03E00F5035C /* UltimateMoneyVisualizerTests.xctest */;
			productType = "com.apple.product-type.bundle.unit-test";
		};
		9C7F967629F8F03E00F5035C /* UltimateMoneyVisualizerUITests */ = {
			isa = PBXNativeTarget;
			buildConfigurationList = 9C7F968729F8F03E00F5035C /* Build configuration list for PBXNativeTarget "UltimateMoneyVisualizerUITests" */;
			buildPhases = (
				9C7F967329F8F03E00F5035C /* Sources */,
				9C7F967429F8F03E00F5035C /* Frameworks */,
				9C7F967529F8F03E00F5035C /* Resources */,
			);
			buildRules = (
			);
			dependencies = (
				9C7F967929F8F03E00F5035C /* PBXTargetDependency */,
			);
			name = UltimateMoneyVisualizerUITests;
			productName = UltimateMoneyVisualizerUITests;
			productReference = 9C7F967729F8F03E00F5035C /* UltimateMoneyVisualizerUITests.xctest */;
			productType = "com.apple.product-type.bundle.ui-testing";
		};
/* End PBXNativeTarget section */

/* Begin PBXProject section */
		9C7F964F29F8F03C00F5035C /* Project object */ = {
			isa = PBXProject;
			attributes = {
				BuildIndependentTargetsInParallel = 1;
				LastSwiftUpdateCheck = 1430;
				LastUpgradeCheck = 1430;
				TargetAttributes = {
					9C7F965629F8F03C00F5035C = {
						CreatedOnToolsVersion = 14.3;
					};
					9C7F966C29F8F03E00F5035C = {
						CreatedOnToolsVersion = 14.3;
						TestTargetID = 9C7F965629F8F03C00F5035C;
					};
					9C7F967629F8F03E00F5035C = {
						CreatedOnToolsVersion = 14.3;
						TestTargetID = 9C7F965629F8F03C00F5035C;
					};
				};
			};
			buildConfigurationList = 9C7F965229F8F03C00F5035C /* Build configuration list for PBXProject "UltimateMoneyVisualizer" */;
			compatibilityVersion = "Xcode 14.0";
			developmentRegion = en;
			hasScannedForEncodings = 0;
			knownRegions = (
				en,
				Base,
			);
			mainGroup = 9C7F964E29F8F03C00F5035C;
			packageReferences = (
				9C7F96A029F8FE6700F5035C /* XCRemoteSwiftPackageReference "VinPackage" */,
				9C7F96A729F9004000F5035C /* XCRemoteSwiftPackageReference "AlertToast" */,
			);
			productRefGroup = 9C7F965829F8F03C00F5035C /* Products */;
			projectDirPath = "";
			projectRoot = "";
			targets = (
				9C7F965629F8F03C00F5035C /* UltimateMoneyVisualizer */,
				9C7F966C29F8F03E00F5035C /* UltimateMoneyVisualizerTests */,
				9C7F967629F8F03E00F5035C /* UltimateMoneyVisualizerUITests */,
			);
		};
/* End PBXProject section */

/* Begin PBXResourcesBuildPhase section */
		9C7F965529F8F03C00F5035C /* Resources */ = {
			isa = PBXResourcesBuildPhase;
			buildActionMask = 2147483647;
			files = (
				9C7F966229F8F03E00F5035C /* Preview Assets.xcassets in Resources */,
				9C7F965F29F8F03E00F5035C /* Assets.xcassets in Resources */,
			);
			runOnlyForDeploymentPostprocessing = 0;
		};
		9C7F966B29F8F03E00F5035C /* Resources */ = {
			isa = PBXResourcesBuildPhase;
			buildActionMask = 2147483647;
			files = (
			);
			runOnlyForDeploymentPostprocessing = 0;
		};
		9C7F967529F8F03E00F5035C /* Resources */ = {
			isa = PBXResourcesBuildPhase;
			buildActionMask = 2147483647;
			files = (
			);
			runOnlyForDeploymentPostprocessing = 0;
		};
/* End PBXResourcesBuildPhase section */

/* Begin PBXSourcesBuildPhase section */
		9C7F965329F8F03C00F5035C /* Sources */ = {
			isa = PBXSourcesBuildPhase;
			buildActionMask = 2147483647;
			files = (
				9C7C983C29F9EDDF0077EA25 /* SelectRegularDaysView.swift in Sources */,
				9C514DAA29FF71B5003DC43C /* RectContainerModifier.swift in Sources */,
				9CEEE33629F90873001FA4FB /* CreateGoalView.swift in Sources */,
				9C3C58662A0CB89800169A0F /* AddAllocationForGoalView.swift in Sources */,
				9C7C985829FB723D0077EA25 /* MoneyPicker.swift in Sources */,
				9CB418C22A0A0E07006F44AB /* TempTodayPayoff.swift in Sources */,
				9C514DB02A002266003DC43C /* ExtendPayoffQueue.swift in Sources */,
				9C7F966429F8F03E00F5035C /* Persistence.swift in Sources */,
				9C7C986329FCEB3E0077EA25 /* ProgressCircle.swift in Sources */,
				9C7C986729FD7A390077EA25 /* TodayLiveCompletedBanner.swift in Sources */,
				9C7F96A629F8FF0100F5035C /* CreateExpenseView.swift in Sources */,
				9C7F968D29F8FD2D00F5035C /* ExtendExpense.swift in Sources */,
				9C7C984729FA0E130077EA25 /* HomeView.swift in Sources */,
				9C3C58682A0CBF5900169A0F /* AllItemsView.swift in Sources */,
				9C9735962A0D84D500F651A1 /* ExtendText.swift in Sources */,
				9C9735982A0D9B9000F651A1 /* NetMoneyGraph.swift in Sources */,
				9C7C984129F9F7B20077EA25 /* AllSchedulesView.swift in Sources */,
				9C514DB52A00A480003DC43C /* PayoffQueueView.swift in Sources */,
				9CEEE34329F90A7D001FA4FB /* CreateShiftView.swift in Sources */,
				9C7C983F29F9F68B0077EA25 /* RegularScheduleView.swift in Sources */,
				9C7C985A29FCA09C0077EA25 /* TodayView.swift in Sources */,
				9C7F965D29F8F03C00F5035C /* ContentView.swift in Sources */,
				9CEA17692A05DF2800E8DFD7 /* ExtendDate.swift in Sources */,
				9C460EE42A038D880007EBA9 /* CircleBadgeView.swift in Sources */,
				9CEEE34F29F90E09001FA4FB /* SavedListView.swift in Sources */,
				9CED53482A08ACC7002DC183 /* AllocSavedRow.swift in Sources */,
				9CED534C2A09BAD5002DC183 /* PayoffTodaySquare.swift in Sources */,
				9C514DB32A0024E9003DC43C /* PayoffItem.swift in Sources */,
				9C65A75F2A00D28E00A5BCF1 /* GoalRow.swift in Sources */,
				9CEEE33C29F908E8001FA4FB /* GoalDetailView.swift in Sources */,
				9C7C984E29FB35E10077EA25 /* AssignAllocationView.swift in Sources */,
				9C9735942A0D795600F651A1 /* AllocationDetailView.swift in Sources */,
				9C7F969C29F8FE3500F5035C /* ExtendSettings.swift in Sources */,
				9CB418C42A0B2C81006F44AB /* EditSavedItemView.swift in Sources */,
				9C7C986F29FE30290077EA25 /* SystemImageWithFilledBackground.swift in Sources */,
				9C3C58622A0C8BE200169A0F /* DateCircle.swift in Sources */,
				9CEEE34029F909CC001FA4FB /* WageType.swift in Sources */,
				9C460EE92A049DFA0007EBA9 /* StatsView.swift in Sources */,
				9C7C985F29FCD5AB0077EA25 /* HorizontalDataDisplay.swift in Sources */,
				9CEEE34929F90BCF001FA4FB /* DayOfWeek.swift in Sources */,
				9CED53462A08AA77002DC183 /* PurchasePage.swift in Sources */,
				9C7C984C29FA5C1D0077EA25 /* ExtendWorkSchedule.swift in Sources */,
				9C65A7612A00D4B900A5BCF1 /* ExpenseRow.swift in Sources */,
				9C7F965B29F8F03C00F5035C /* UltimateMoneyVisualizerApp.swift in Sources */,
				9C7F969929F8FE3500F5035C /* ExtendShift.swift in Sources */,
				9C514DAC29FF7359003DC43C /* HomePageSectionContainerModifier.swift in Sources */,
				9CC5BE632A09C08C006A2262 /* TodayPayoffGrid.swift in Sources */,
				9CEEE34529F90ABA001FA4FB /* ShiftListView.swift in Sources */,
				9CEEE33129F904CC001FA4FB /* ExpenseListView.swift in Sources */,
				9CEEE33429F90651001FA4FB /* ExpenseDetailView.swift in Sources */,
				9CED534A2A08ADCF002DC183 /* AllocShiftRow.swift in Sources */,
				9C7C986929FDA7880077EA25 /* ExtendTemporaryAllocation.swift in Sources */,
				9C0505722A0FF56C00FC6511 /* PayoffItemProgressBar.swift in Sources */,
				9C3C58642A0C9ED500169A0F /* AddAllocationForExpenseView.swift in Sources */,
				9C460EE22A038D420007EBA9 /* ShiftCircle.swift in Sources */,
				9C7F969E29F8FE3500F5035C /* ExtendAllocation.swift in Sources */,
				9C460EE02A038B9F0007EBA9 /* MultipleNewShiftsView.swift in Sources */,
				9CEEE35129F90E37001FA4FB /* SavedDetailView.swift in Sources */,
				9C7C985229FB613E0077EA25 /* ExtendColor.swift in Sources */,
				9C7C984529FA0DA80077EA25 /* SettingsView.swift in Sources */,
				9C7C986D29FDF1EA0077EA25 /* ConfirmTodayShiftView.swift in Sources */,
				9CEEE33A29F908BE001FA4FB /* GoalListView.swift in Sources */,
				9C7C986529FCF3B60077EA25 /* PieChart.swift in Sources */,
				9CEEE35729F9E77F001FA4FB /* WageView.swift in Sources */,
				9CEEE32B29F9044F001FA4FB /* ExtendView.swift in Sources */,
				9C7C984A29FA5BFB0077EA25 /* ExtendTodayShift.swift in Sources */,
				9C7F969D29F8FE3500F5035C /* ExtendUser.swift in Sources */,
				9C442A372A03792800D61C3E /* WageBreakdownBox.swift in Sources */,
				9C460EE62A047D900007EBA9 /* AddNewItemFirstView.swift in Sources */,
				9C7C986129FCE6A80077EA25 /* ProgressBar.swift in Sources */,
				9C97358E2A0D5EC200F651A1 /* ChooseExpenseForSavedAlloc.swift in Sources */,
				9CEEE34729F90ADA001FA4FB /* ShiftDetailView.swift in Sources */,
				9C97358C2A0D5EB800F651A1 /* ChooseGoalForSavedAlloc.swift in Sources */,
				9CED53422A077985002DC183 /* AllocateSavedToGoalView.swift in Sources */,
				9C7F969A29F8FE3500F5035C /* ExtendWage.swift in Sources */,
				9C7C983A29F9EC410077EA25 /* EnterWageView.swift in Sources */,
				9CED53442A089C77002DC183 /* StatsViewChart.swift in Sources */,
				9C7F969B29F8FE3500F5035C /* ExtendGoal.swift in Sources */,
				9CB418C62A0B616A006F44AB /* ExtendAlertToast.swift in Sources */,
				9C7C985029FB606E0077EA25 /* ExtendUserDefaults.swift in Sources */,
				9CEEE34D29F90DD4001FA4FB /* CreateSavedView.swift in Sources */,
				9C7C985429FB6D500077EA25 /* AllocateShiftToExpense.swift in Sources */,
				9C7F966729F8F03E00F5035C /* UltimateMoneyVisualizer.xcdatamodeld in Sources */,
				9C7F969F29F8FE3500F5035C /* ExtendSaved.swift in Sources */,
			);
			runOnlyForDeploymentPostprocessing = 0;
		};
		9C7F966929F8F03E00F5035C /* Sources */ = {
			isa = PBXSourcesBuildPhase;
			buildActionMask = 2147483647;
			files = (
				9C514DAE29FF79AE003DC43C /* SavedItemTests.swift in Sources */,
				9C442A392A03798C00D61C3E /* WageTests.swift in Sources */,
				9C7C986B29FDACD40077EA25 /* ExpenseTests.swift in Sources */,
				9C7C985C29FCCF760077EA25 /* TodayShiftTests.swift in Sources */,
				9C460EEB2A04D3060007EBA9 /* UserFunctionsTests.swift in Sources */,
				9C7F967229F8F03E00F5035C /* UltimateMoneyVisualizerTests.swift in Sources */,
			);
			runOnlyForDeploymentPostprocessing = 0;
		};
		9C7F967329F8F03E00F5035C /* Sources */ = {
			isa = PBXSourcesBuildPhase;
			buildActionMask = 2147483647;
			files = (
				9C7F967E29F8F03E00F5035C /* UltimateMoneyVisualizerUITestsLaunchTests.swift in Sources */,
				9C7F967C29F8F03E00F5035C /* UltimateMoneyVisualizerUITests.swift in Sources */,
			);
			runOnlyForDeploymentPostprocessing = 0;
		};
/* End PBXSourcesBuildPhase section */

/* Begin PBXTargetDependency section */
		9C7F966F29F8F03E00F5035C /* PBXTargetDependency */ = {
			isa = PBXTargetDependency;
			target = 9C7F965629F8F03C00F5035C /* UltimateMoneyVisualizer */;
			targetProxy = 9C7F966E29F8F03E00F5035C /* PBXContainerItemProxy */;
		};
		9C7F967929F8F03E00F5035C /* PBXTargetDependency */ = {
			isa = PBXTargetDependency;
			target = 9C7F965629F8F03C00F5035C /* UltimateMoneyVisualizer */;
			targetProxy = 9C7F967829F8F03E00F5035C /* PBXContainerItemProxy */;
		};
/* End PBXTargetDependency section */

/* Begin XCBuildConfiguration section */
		9C7F967F29F8F03E00F5035C /* Debug */ = {
			isa = XCBuildConfiguration;
			buildSettings = {
				ALWAYS_SEARCH_USER_PATHS = NO;
				CLANG_ANALYZER_NONNULL = YES;
				CLANG_ANALYZER_NUMBER_OBJECT_CONVERSION = YES_AGGRESSIVE;
				CLANG_CXX_LANGUAGE_STANDARD = "gnu++20";
				CLANG_ENABLE_MODULES = YES;
				CLANG_ENABLE_OBJC_ARC = YES;
				CLANG_ENABLE_OBJC_WEAK = YES;
				CLANG_WARN_BLOCK_CAPTURE_AUTORELEASING = YES;
				CLANG_WARN_BOOL_CONVERSION = YES;
				CLANG_WARN_COMMA = YES;
				CLANG_WARN_CONSTANT_CONVERSION = YES;
				CLANG_WARN_DEPRECATED_OBJC_IMPLEMENTATIONS = YES;
				CLANG_WARN_DIRECT_OBJC_ISA_USAGE = YES_ERROR;
				CLANG_WARN_DOCUMENTATION_COMMENTS = YES;
				CLANG_WARN_EMPTY_BODY = YES;
				CLANG_WARN_ENUM_CONVERSION = YES;
				CLANG_WARN_INFINITE_RECURSION = YES;
				CLANG_WARN_INT_CONVERSION = YES;
				CLANG_WARN_NON_LITERAL_NULL_CONVERSION = YES;
				CLANG_WARN_OBJC_IMPLICIT_RETAIN_SELF = YES;
				CLANG_WARN_OBJC_LITERAL_CONVERSION = YES;
				CLANG_WARN_OBJC_ROOT_CLASS = YES_ERROR;
				CLANG_WARN_QUOTED_INCLUDE_IN_FRAMEWORK_HEADER = YES;
				CLANG_WARN_RANGE_LOOP_ANALYSIS = YES;
				CLANG_WARN_STRICT_PROTOTYPES = YES;
				CLANG_WARN_SUSPICIOUS_MOVE = YES;
				CLANG_WARN_UNGUARDED_AVAILABILITY = YES_AGGRESSIVE;
				CLANG_WARN_UNREACHABLE_CODE = YES;
				CLANG_WARN__DUPLICATE_METHOD_MATCH = YES;
				COPY_PHASE_STRIP = NO;
				DEBUG_INFORMATION_FORMAT = dwarf;
				ENABLE_STRICT_OBJC_MSGSEND = YES;
				ENABLE_TESTABILITY = YES;
				GCC_C_LANGUAGE_STANDARD = gnu11;
				GCC_DYNAMIC_NO_PIC = NO;
				GCC_NO_COMMON_BLOCKS = YES;
				GCC_OPTIMIZATION_LEVEL = 0;
				GCC_PREPROCESSOR_DEFINITIONS = (
					"DEBUG=1",
					"$(inherited)",
				);
				GCC_WARN_64_TO_32_BIT_CONVERSION = YES;
				GCC_WARN_ABOUT_RETURN_TYPE = YES_ERROR;
				GCC_WARN_UNDECLARED_SELECTOR = YES;
				GCC_WARN_UNINITIALIZED_AUTOS = YES_AGGRESSIVE;
				GCC_WARN_UNUSED_FUNCTION = YES;
				GCC_WARN_UNUSED_VARIABLE = YES;
				IPHONEOS_DEPLOYMENT_TARGET = 16.4;
				MTL_ENABLE_DEBUG_INFO = INCLUDE_SOURCE;
				MTL_FAST_MATH = YES;
				ONLY_ACTIVE_ARCH = YES;
				SDKROOT = iphoneos;
				SWIFT_ACTIVE_COMPILATION_CONDITIONS = DEBUG;
				SWIFT_OPTIMIZATION_LEVEL = "-Onone";
			};
			name = Debug;
		};
		9C7F968029F8F03E00F5035C /* Release */ = {
			isa = XCBuildConfiguration;
			buildSettings = {
				ALWAYS_SEARCH_USER_PATHS = NO;
				CLANG_ANALYZER_NONNULL = YES;
				CLANG_ANALYZER_NUMBER_OBJECT_CONVERSION = YES_AGGRESSIVE;
				CLANG_CXX_LANGUAGE_STANDARD = "gnu++20";
				CLANG_ENABLE_MODULES = YES;
				CLANG_ENABLE_OBJC_ARC = YES;
				CLANG_ENABLE_OBJC_WEAK = YES;
				CLANG_WARN_BLOCK_CAPTURE_AUTORELEASING = YES;
				CLANG_WARN_BOOL_CONVERSION = YES;
				CLANG_WARN_COMMA = YES;
				CLANG_WARN_CONSTANT_CONVERSION = YES;
				CLANG_WARN_DEPRECATED_OBJC_IMPLEMENTATIONS = YES;
				CLANG_WARN_DIRECT_OBJC_ISA_USAGE = YES_ERROR;
				CLANG_WARN_DOCUMENTATION_COMMENTS = YES;
				CLANG_WARN_EMPTY_BODY = YES;
				CLANG_WARN_ENUM_CONVERSION = YES;
				CLANG_WARN_INFINITE_RECURSION = YES;
				CLANG_WARN_INT_CONVERSION = YES;
				CLANG_WARN_NON_LITERAL_NULL_CONVERSION = YES;
				CLANG_WARN_OBJC_IMPLICIT_RETAIN_SELF = YES;
				CLANG_WARN_OBJC_LITERAL_CONVERSION = YES;
				CLANG_WARN_OBJC_ROOT_CLASS = YES_ERROR;
				CLANG_WARN_QUOTED_INCLUDE_IN_FRAMEWORK_HEADER = YES;
				CLANG_WARN_RANGE_LOOP_ANALYSIS = YES;
				CLANG_WARN_STRICT_PROTOTYPES = YES;
				CLANG_WARN_SUSPICIOUS_MOVE = YES;
				CLANG_WARN_UNGUARDED_AVAILABILITY = YES_AGGRESSIVE;
				CLANG_WARN_UNREACHABLE_CODE = YES;
				CLANG_WARN__DUPLICATE_METHOD_MATCH = YES;
				COPY_PHASE_STRIP = NO;
				DEBUG_INFORMATION_FORMAT = "dwarf-with-dsym";
				ENABLE_NS_ASSERTIONS = NO;
				ENABLE_STRICT_OBJC_MSGSEND = YES;
				GCC_C_LANGUAGE_STANDARD = gnu11;
				GCC_NO_COMMON_BLOCKS = YES;
				GCC_WARN_64_TO_32_BIT_CONVERSION = YES;
				GCC_WARN_ABOUT_RETURN_TYPE = YES_ERROR;
				GCC_WARN_UNDECLARED_SELECTOR = YES;
				GCC_WARN_UNINITIALIZED_AUTOS = YES_AGGRESSIVE;
				GCC_WARN_UNUSED_FUNCTION = YES;
				GCC_WARN_UNUSED_VARIABLE = YES;
				IPHONEOS_DEPLOYMENT_TARGET = 16.4;
				MTL_ENABLE_DEBUG_INFO = NO;
				MTL_FAST_MATH = YES;
				SDKROOT = iphoneos;
				SWIFT_COMPILATION_MODE = wholemodule;
				SWIFT_OPTIMIZATION_LEVEL = "-O";
				VALIDATE_PRODUCT = YES;
			};
			name = Release;
		};
		9C7F968229F8F03E00F5035C /* Debug */ = {
			isa = XCBuildConfiguration;
			buildSettings = {
				ASSETCATALOG_COMPILER_APPICON_NAME = AppIcon;
				ASSETCATALOG_COMPILER_GLOBAL_ACCENT_COLOR_NAME = AccentColor;
				CODE_SIGN_STYLE = Automatic;
				CURRENT_PROJECT_VERSION = 1;
				DEVELOPMENT_ASSET_PATHS = "\"UltimateMoneyVisualizer/Preview Content\"";
				DEVELOPMENT_TEAM = KR268MWQL4;
				ENABLE_PREVIEWS = YES;
				GENERATE_INFOPLIST_FILE = YES;
				INFOPLIST_FILE = UltimateMoneyVisualizer/Info.plist;
				INFOPLIST_KEY_UIApplicationSceneManifest_Generation = YES;
				INFOPLIST_KEY_UIApplicationSupportsIndirectInputEvents = YES;
				INFOPLIST_KEY_UILaunchScreen_Generation = YES;
				INFOPLIST_KEY_UISupportedInterfaceOrientations_iPad = "UIInterfaceOrientationPortrait UIInterfaceOrientationPortraitUpsideDown UIInterfaceOrientationLandscapeLeft UIInterfaceOrientationLandscapeRight";
				INFOPLIST_KEY_UISupportedInterfaceOrientations_iPhone = "UIInterfaceOrientationPortrait UIInterfaceOrientationLandscapeLeft UIInterfaceOrientationLandscapeRight";
				INFOPLIST_KEY_UIUserInterfaceStyle = Light;
				LD_RUNPATH_SEARCH_PATHS = (
					"$(inherited)",
					"@executable_path/Frameworks",
				);
				MARKETING_VERSION = 1.0;
				PRODUCT_BUNDLE_IDENTIFIER = vin.UltimateMoneyVisualizer;
				PRODUCT_NAME = "$(TARGET_NAME)";
				SWIFT_EMIT_LOC_STRINGS = YES;
				SWIFT_VERSION = 5.0;
				TARGETED_DEVICE_FAMILY = "1,2";
			};
			name = Debug;
		};
		9C7F968329F8F03E00F5035C /* Release */ = {
			isa = XCBuildConfiguration;
			buildSettings = {
				ASSETCATALOG_COMPILER_APPICON_NAME = AppIcon;
				ASSETCATALOG_COMPILER_GLOBAL_ACCENT_COLOR_NAME = AccentColor;
				CODE_SIGN_STYLE = Automatic;
				CURRENT_PROJECT_VERSION = 1;
				DEVELOPMENT_ASSET_PATHS = "\"UltimateMoneyVisualizer/Preview Content\"";
				DEVELOPMENT_TEAM = KR268MWQL4;
				ENABLE_PREVIEWS = YES;
				GENERATE_INFOPLIST_FILE = YES;
				INFOPLIST_FILE = UltimateMoneyVisualizer/Info.plist;
				INFOPLIST_KEY_UIApplicationSceneManifest_Generation = YES;
				INFOPLIST_KEY_UIApplicationSupportsIndirectInputEvents = YES;
				INFOPLIST_KEY_UILaunchScreen_Generation = YES;
				INFOPLIST_KEY_UISupportedInterfaceOrientations_iPad = "UIInterfaceOrientationPortrait UIInterfaceOrientationPortraitUpsideDown UIInterfaceOrientationLandscapeLeft UIInterfaceOrientationLandscapeRight";
				INFOPLIST_KEY_UISupportedInterfaceOrientations_iPhone = "UIInterfaceOrientationPortrait UIInterfaceOrientationLandscapeLeft UIInterfaceOrientationLandscapeRight";
				INFOPLIST_KEY_UIUserInterfaceStyle = Light;
				LD_RUNPATH_SEARCH_PATHS = (
					"$(inherited)",
					"@executable_path/Frameworks",
				);
				MARKETING_VERSION = 1.0;
				PRODUCT_BUNDLE_IDENTIFIER = vin.UltimateMoneyVisualizer;
				PRODUCT_NAME = "$(TARGET_NAME)";
				SWIFT_EMIT_LOC_STRINGS = YES;
				SWIFT_VERSION = 5.0;
				TARGETED_DEVICE_FAMILY = "1,2";
			};
			name = Release;
		};
		9C7F968529F8F03E00F5035C /* Debug */ = {
			isa = XCBuildConfiguration;
			buildSettings = {
				ALWAYS_EMBED_SWIFT_STANDARD_LIBRARIES = YES;
				BUNDLE_LOADER = "$(TEST_HOST)";
				CODE_SIGN_STYLE = Automatic;
				CURRENT_PROJECT_VERSION = 1;
				DEVELOPMENT_TEAM = KR268MWQL4;
				GENERATE_INFOPLIST_FILE = YES;
				IPHONEOS_DEPLOYMENT_TARGET = 16.4;
				MARKETING_VERSION = 1.0;
				PRODUCT_BUNDLE_IDENTIFIER = vin.UltimateMoneyVisualizerTests;
				PRODUCT_NAME = "$(TARGET_NAME)";
				SWIFT_EMIT_LOC_STRINGS = NO;
				SWIFT_VERSION = 5.0;
				TARGETED_DEVICE_FAMILY = "1,2";
				TEST_HOST = "$(BUILT_PRODUCTS_DIR)/UltimateMoneyVisualizer.app/$(BUNDLE_EXECUTABLE_FOLDER_PATH)/UltimateMoneyVisualizer";
			};
			name = Debug;
		};
		9C7F968629F8F03E00F5035C /* Release */ = {
			isa = XCBuildConfiguration;
			buildSettings = {
				ALWAYS_EMBED_SWIFT_STANDARD_LIBRARIES = YES;
				BUNDLE_LOADER = "$(TEST_HOST)";
				CODE_SIGN_STYLE = Automatic;
				CURRENT_PROJECT_VERSION = 1;
				DEVELOPMENT_TEAM = KR268MWQL4;
				GENERATE_INFOPLIST_FILE = YES;
				IPHONEOS_DEPLOYMENT_TARGET = 16.4;
				MARKETING_VERSION = 1.0;
				PRODUCT_BUNDLE_IDENTIFIER = vin.UltimateMoneyVisualizerTests;
				PRODUCT_NAME = "$(TARGET_NAME)";
				SWIFT_EMIT_LOC_STRINGS = NO;
				SWIFT_VERSION = 5.0;
				TARGETED_DEVICE_FAMILY = "1,2";
				TEST_HOST = "$(BUILT_PRODUCTS_DIR)/UltimateMoneyVisualizer.app/$(BUNDLE_EXECUTABLE_FOLDER_PATH)/UltimateMoneyVisualizer";
			};
			name = Release;
		};
		9C7F968829F8F03E00F5035C /* Debug */ = {
			isa = XCBuildConfiguration;
			buildSettings = {
				ALWAYS_EMBED_SWIFT_STANDARD_LIBRARIES = YES;
				CODE_SIGN_STYLE = Automatic;
				CURRENT_PROJECT_VERSION = 1;
				DEVELOPMENT_TEAM = KR268MWQL4;
				GENERATE_INFOPLIST_FILE = YES;
				MARKETING_VERSION = 1.0;
				PRODUCT_BUNDLE_IDENTIFIER = vin.UltimateMoneyVisualizerUITests;
				PRODUCT_NAME = "$(TARGET_NAME)";
				SWIFT_EMIT_LOC_STRINGS = NO;
				SWIFT_VERSION = 5.0;
				TARGETED_DEVICE_FAMILY = "1,2";
				TEST_TARGET_NAME = UltimateMoneyVisualizer;
			};
			name = Debug;
		};
		9C7F968929F8F03E00F5035C /* Release */ = {
			isa = XCBuildConfiguration;
			buildSettings = {
				ALWAYS_EMBED_SWIFT_STANDARD_LIBRARIES = YES;
				CODE_SIGN_STYLE = Automatic;
				CURRENT_PROJECT_VERSION = 1;
				DEVELOPMENT_TEAM = KR268MWQL4;
				GENERATE_INFOPLIST_FILE = YES;
				MARKETING_VERSION = 1.0;
				PRODUCT_BUNDLE_IDENTIFIER = vin.UltimateMoneyVisualizerUITests;
				PRODUCT_NAME = "$(TARGET_NAME)";
				SWIFT_EMIT_LOC_STRINGS = NO;
				SWIFT_VERSION = 5.0;
				TARGETED_DEVICE_FAMILY = "1,2";
				TEST_TARGET_NAME = UltimateMoneyVisualizer;
			};
			name = Release;
		};
/* End XCBuildConfiguration section */

/* Begin XCConfigurationList section */
		9C7F965229F8F03C00F5035C /* Build configuration list for PBXProject "UltimateMoneyVisualizer" */ = {
			isa = XCConfigurationList;
			buildConfigurations = (
				9C7F967F29F8F03E00F5035C /* Debug */,
				9C7F968029F8F03E00F5035C /* Release */,
			);
			defaultConfigurationIsVisible = 0;
			defaultConfigurationName = Release;
		};
		9C7F968129F8F03E00F5035C /* Build configuration list for PBXNativeTarget "UltimateMoneyVisualizer" */ = {
			isa = XCConfigurationList;
			buildConfigurations = (
				9C7F968229F8F03E00F5035C /* Debug */,
				9C7F968329F8F03E00F5035C /* Release */,
			);
			defaultConfigurationIsVisible = 0;
			defaultConfigurationName = Release;
		};
		9C7F968429F8F03E00F5035C /* Build configuration list for PBXNativeTarget "UltimateMoneyVisualizerTests" */ = {
			isa = XCConfigurationList;
			buildConfigurations = (
				9C7F968529F8F03E00F5035C /* Debug */,
				9C7F968629F8F03E00F5035C /* Release */,
			);
			defaultConfigurationIsVisible = 0;
			defaultConfigurationName = Release;
		};
		9C7F968729F8F03E00F5035C /* Build configuration list for PBXNativeTarget "UltimateMoneyVisualizerUITests" */ = {
			isa = XCConfigurationList;
			buildConfigurations = (
				9C7F968829F8F03E00F5035C /* Debug */,
				9C7F968929F8F03E00F5035C /* Release */,
			);
			defaultConfigurationIsVisible = 0;
			defaultConfigurationName = Release;
		};
/* End XCConfigurationList section */

/* Begin XCRemoteSwiftPackageReference section */
		9C7F96A029F8FE6700F5035C /* XCRemoteSwiftPackageReference "VinPackage" */ = {
			isa = XCRemoteSwiftPackageReference;
			repositoryURL = "https://github.com/vdeaugustine/VinPackage";
			requirement = {
				kind = upToNextMajorVersion;
				minimumVersion = 1.0.0;
			};
		};
		9C7F96A729F9004000F5035C /* XCRemoteSwiftPackageReference "AlertToast" */ = {
			isa = XCRemoteSwiftPackageReference;
			repositoryURL = "https://github.com/elai950/AlertToast.git";
			requirement = {
				kind = upToNextMajorVersion;
				minimumVersion = 1.0.0;
			};
		};
/* End XCRemoteSwiftPackageReference section */

/* Begin XCSwiftPackageProductDependency section */
		9C7F96A129F8FE6700F5035C /* Vin */ = {
			isa = XCSwiftPackageProductDependency;
			package = 9C7F96A029F8FE6700F5035C /* XCRemoteSwiftPackageReference "VinPackage" */;
			productName = Vin;
		};
		9C7F96A829F9004000F5035C /* AlertToast */ = {
			isa = XCSwiftPackageProductDependency;
			package = 9C7F96A729F9004000F5035C /* XCRemoteSwiftPackageReference "AlertToast" */;
			productName = AlertToast;
		};
/* End XCSwiftPackageProductDependency section */

/* Begin XCVersionGroup section */
		9C7F966529F8F03E00F5035C /* UltimateMoneyVisualizer.xcdatamodeld */ = {
			isa = XCVersionGroup;
			children = (
				9C7F966629F8F03E00F5035C /* UltimateMoneyVisualizer.xcdatamodel */,
			);
			currentVersion = 9C7F966629F8F03E00F5035C /* UltimateMoneyVisualizer.xcdatamodel */;
			path = UltimateMoneyVisualizer.xcdatamodeld;
			sourceTree = "<group>";
			versionGroupType = wrapper.xcdatamodel;
		};
/* End XCVersionGroup section */
	};
	rootObject = 9C7F964F29F8F03C00F5035C /* Project object */;
}
