{
  "pins" : [
    {
      "identity" : "alerttoast",
      "kind" : "remoteSourceControl",
      "location" : "https://github.com/elai950/AlertToast.git",
      "state" : {
        "revision" : "b39252eacd159904afd7d718bba0afabb87f2f2f",
        "version" : "1.3.9"
      }
    },
    {
      "identity" : "fancyscrollview",
      "kind" : "remoteSourceControl",
      "location" : "https://github.com/nerdsupremacist/FancyScrollView",
      "state" : {
        "revision" : "7f8194b23dc209cdb5b0ebc9799a8de487166fdf",
        "version" : "0.1.4"
      }
    },
    {
      "identity" : "swiftpiechart",
      "kind" : "remoteSourceControl",
      "location" : "https://github.com/ilamanov/SwiftPieChart",
      "state" : {
        "revision" : "e6f67120c55e7402f67f3463994105ff6cfbcd10",
        "version" : "1.0.61"
      }
    },
    {
      "identity" : "vinpackage",
      "kind" : "remoteSourceControl",
      "location" : "https://github.com/vdeaugustine/VinPackage",
      "state" : {
        "revision" : "7df98ef36c57486d5e6ae0d9aa943f9f0ae9f0d5",
        "version" : "1.1.25"
      }
    }
  ],
  "version" : 2
}
