{
  "pins" : [
    {
      "identity" : "alerttoast",
      "kind" : "remoteSourceControl",
      "location" : "https://github.com/elai950/AlertToast.git",
      "state" : {
        "revision" : "b39252eacd159904afd7d718bba0afabb87f2f2f",
        "version" : "1.3.9"
      }
    },
    {
      "identity" : "vinpackage",
      "kind" : "remoteSourceControl",
      "location" : "https://github.com/vdeaugustine/VinPackage",
      "state" : {
        "revision" : "2f8abf6cdc24283c290c862d1c748060c9a9521b",
        "version" : "1.1.0"
      }
    }
  ],
  "version" : 2
}
